// !$*UTF8*$!
{
	archiveVersion = 1;
	classes = {
	};
	objectVersion = 50;
	objects = {

/* Begin PBXBuildFile section */
		C400E2012721ED75004DFCA8 /* CreateSphereModel.swift in Sources */ = {isa = PBXBuildFile; fileRef = C400E2002721ED75004DFCA8 /* CreateSphereModel.swift */; };
		C400E2032721EE73004DFCA8 /* CreateSASPoints.swift in Sources */ = {isa = PBXBuildFile; fileRef = C400E2022721EE73004DFCA8 /* CreateSASPoints.swift */; };
		C400E2052721EEE8004DFCA8 /* CreateImpostorSpheres.swift in Sources */ = {isa = PBXBuildFile; fileRef = C400E2042721EEE8004DFCA8 /* CreateImpostorSpheres.swift */; };
		C4057407265E93E9008527D1 /* RemovePoints.metal in Sources */ = {isa = PBXBuildFile; fileRef = C4057406265E93E9008527D1 /* RemovePoints.metal */; };
		C4057409265ED6CD008527D1 /* ComputeEDT.metal in Sources */ = {isa = PBXBuildFile; fileRef = C4057408265ED6CD008527D1 /* ComputeEDT.metal */; };
		C405740B265FF69A008527D1 /* SwitchRow.swift in Sources */ = {isa = PBXBuildFile; fileRef = C405740A265FF69A008527D1 /* SwitchRow.swift */; };
		C40574492663D756008527D1 /* ProteinMetalView.swift in Sources */ = {isa = PBXBuildFile; fileRef = C40574482663D756008527D1 /* ProteinMetalView.swift */; };
		C405744C2663DC74008527D1 /* ProteinMetalViewController.swift in Sources */ = {isa = PBXBuildFile; fileRef = C405744B2663DC74008527D1 /* ProteinMetalViewController.swift */; };
		C405744F2663DD58008527D1 /* BasicShader.metal in Sources */ = {isa = PBXBuildFile; fileRef = C405744E2663DD58008527D1 /* BasicShader.metal */; };
		C4187E332642E0C2009E2CBA /* MainView.swift in Sources */ = {isa = PBXBuildFile; fileRef = C4187E322642E0C2009E2CBA /* MainView.swift */; };
		C4187E362642FA7A009E2CBA /* ImportDroppedFilesDelegate.swift in Sources */ = {isa = PBXBuildFile; fileRef = C4187E352642FA7A009E2CBA /* ImportDroppedFilesDelegate.swift */; };
		C418BAFC2645A8C20031C6F0 /* ProteinMath.swift in Sources */ = {isa = PBXBuildFile; fileRef = C418BAFB2645A8C20031C6F0 /* ProteinMath.swift */; };
		C418BAFE2645B1210031C6F0 /* AtomType.swift in Sources */ = {isa = PBXBuildFile; fileRef = C418BAFD2645B1210031C6F0 /* AtomType.swift */; };
		C41A0560264ACBF0006F551C /* InformationRow.swift in Sources */ = {isa = PBXBuildFile; fileRef = C41A055F264ACBF0006F551C /* InformationRow.swift */; };
		C41A0562264C2853006F551C /* ImportFiles.swift in Sources */ = {isa = PBXBuildFile; fileRef = C41A0561264C2853006F551C /* ImportFiles.swift */; };
		C41A0564264C5C32006F551C /* AtomMaterialProvider.swift in Sources */ = {isa = PBXBuildFile; fileRef = C41A0563264C5C32006F551C /* AtomMaterialProvider.swift */; };
		C41A0566264C7B97006F551C /* StatusView.swift in Sources */ = {isa = PBXBuildFile; fileRef = C41A0565264C7B97006F551C /* StatusView.swift */; };
		C41A0569264D5D58006F551C /* ProteinViewModel.swift in Sources */ = {isa = PBXBuildFile; fileRef = C41A0568264D5D58006F551C /* ProteinViewModel.swift */; };
		C41A056C265894AA006F551C /* CreateSASPoints.metal in Sources */ = {isa = PBXBuildFile; fileRef = C41A056B265894AA006F551C /* CreateSASPoints.metal */; };
		C440856026470A0700DC5009 /* SequenceView.swift in Sources */ = {isa = PBXBuildFile; fileRef = C440855F26470A0700DC5009 /* SequenceView.swift */; };
		C44085652647155C00DC5009 /* SequenceRow.swift in Sources */ = {isa = PBXBuildFile; fileRef = C44085642647155C00DC5009 /* SequenceRow.swift */; };
		C44085672647ECE500DC5009 /* ProteinSidebar.swift in Sources */ = {isa = PBXBuildFile; fileRef = C44085662647ECE500DC5009 /* ProteinSidebar.swift */; };
		C440856A2648008500DC5009 /* FileSegmentProtein.swift in Sources */ = {isa = PBXBuildFile; fileRef = C44085692648008500DC5009 /* FileSegmentProtein.swift */; };
		C440856C26481E0300DC5009 /* ProteinSequenceView.swift in Sources */ = {isa = PBXBuildFile; fileRef = C440856B26481E0300DC5009 /* ProteinSequenceView.swift */; };
		C440856F2648200500DC5009 /* VisualEffectView.swift in Sources */ = {isa = PBXBuildFile; fileRef = C440856E2648200500DC5009 /* VisualEffectView.swift */; };
		C44D0559266BAA6E00BAFDCD /* AppState.swift in Sources */ = {isa = PBXBuildFile; fileRef = C44D0558266BAA6E00BAFDCD /* AppState.swift */; };
		C44D055B266BB77600BAFDCD /* CreateAtomMesh.metal in Sources */ = {isa = PBXBuildFile; fileRef = C44D055A266BB77600BAFDCD /* CreateAtomMesh.metal */; };
		C44FC0722641AF1B00459E01 /* BioViewerApp.swift in Sources */ = {isa = PBXBuildFile; fileRef = C44FC0712641AF1B00459E01 /* BioViewerApp.swift */; };
		C44FC0742641AF1B00459E01 /* ProteinView.swift in Sources */ = {isa = PBXBuildFile; fileRef = C44FC0732641AF1B00459E01 /* ProteinView.swift */; };
		C44FC0762641AF1E00459E01 /* Assets.xcassets in Resources */ = {isa = PBXBuildFile; fileRef = C44FC0752641AF1E00459E01 /* Assets.xcassets */; };
		C44FC0792641AF1E00459E01 /* Preview Assets.xcassets in Resources */ = {isa = PBXBuildFile; fileRef = C44FC0782641AF1E00459E01 /* Preview Assets.xcassets */; };
		C44FC0842641AF1E00459E01 /* BioViewerTests.swift in Sources */ = {isa = PBXBuildFile; fileRef = C44FC0832641AF1E00459E01 /* BioViewerTests.swift */; };
		C44FC08F2641AF1E00459E01 /* BioViewerUITests.swift in Sources */ = {isa = PBXBuildFile; fileRef = C44FC08E2641AF1E00459E01 /* BioViewerUITests.swift */; };
		C455362A265D869D006D980B /* AtomArrayComposition.swift in Sources */ = {isa = PBXBuildFile; fileRef = C4553629265D869D006D980B /* AtomArrayComposition.swift */; };
		C45BAC402648A93500B36026 /* AppearanceSegmentProtein.swift in Sources */ = {isa = PBXBuildFile; fileRef = C45BAC3F2648A93500B36026 /* AppearanceSegmentProtein.swift */; };
		C45BAC432649550C00B36026 /* ColorPickerRow.swift in Sources */ = {isa = PBXBuildFile; fileRef = C45BAC422649550C00B36026 /* ColorPickerRow.swift */; };
		C45BAC4526497A3300B36026 /* ProteinCameraControlView.swift in Sources */ = {isa = PBXBuildFile; fileRef = C45BAC4426497A3300B36026 /* ProteinCameraControlView.swift */; };
		C45BAC492649C18000B36026 /* ProteinViewDataSource.swift in Sources */ = {isa = PBXBuildFile; fileRef = C45BAC482649C18000B36026 /* ProteinViewDataSource.swift */; };
		C46435622669313A00434CC6 /* Camera.swift in Sources */ = {isa = PBXBuildFile; fileRef = C46435612669313A00434CC6 /* Camera.swift */; };
		C464C358265A56CC00E66C3E /* SettingsView.swift in Sources */ = {isa = PBXBuildFile; fileRef = C464C357265A56CC00E66C3E /* SettingsView.swift */; };
		C464C35A265A57E900E66C3E /* BuyCoffeeView.swift in Sources */ = {isa = PBXBuildFile; fileRef = C464C359265A57E900E66C3E /* BuyCoffeeView.swift */; };
		C464C35C265A5A1D00E66C3E /* CoffeeTipRow.swift in Sources */ = {isa = PBXBuildFile; fileRef = C464C35B265A5A1D00E66C3E /* CoffeeTipRow.swift */; };
		C464C35E265A883C00E66C3E /* PickerRow.swift in Sources */ = {isa = PBXBuildFile; fileRef = C464C35D265A883C00E66C3E /* PickerRow.swift */; };
		C464C360265B0CA900E66C3E /* CoffeeRow.swift in Sources */ = {isa = PBXBuildFile; fileRef = C464C35F265B0CA900E66C3E /* CoffeeRow.swift */; };
		C464C362265D311200E66C3E /* ProteinImportView.swift in Sources */ = {isa = PBXBuildFile; fileRef = C464C361265D311200E66C3E /* ProteinImportView.swift */; };
		C464C365265D555100E66C3E /* 2OGM.pdb in Resources */ = {isa = PBXBuildFile; fileRef = C464C364265D555100E66C3E /* 2OGM.pdb */; };
		C495B2392663E195004995C2 /* ProteinRenderer.swift in Sources */ = {isa = PBXBuildFile; fileRef = C495B2382663E195004995C2 /* ProteinRenderer.swift */; };
		C495B23C266541A7004995C2 /* ProteinObject.swift in Sources */ = {isa = PBXBuildFile; fileRef = C495B23B266541A7004995C2 /* ProteinObject.swift */; };
		C495B23E26654242004995C2 /* ProteinChunk.swift in Sources */ = {isa = PBXBuildFile; fileRef = C495B23D26654242004995C2 /* ProteinChunk.swift */; };
		C495B24326663CF3004995C2 /* MatrixTransform.swift in Sources */ = {isa = PBXBuildFile; fileRef = C495B24226663CF3004995C2 /* MatrixTransform.swift */; };
		C495B24526663D2C004995C2 /* SIMDExtensions.swift in Sources */ = {isa = PBXBuildFile; fileRef = C495B24426663D2C004995C2 /* SIMDExtensions.swift */; };
		C49D9D32271C469100E12E2F /* MetalScene.swift in Sources */ = {isa = PBXBuildFile; fileRef = C49D9D31271C469100E12E2F /* MetalScene.swift */; };
		C4A69AAF265936A2001C0490 /* MetalScheduler.swift in Sources */ = {isa = PBXBuildFile; fileRef = C4A69AAE265936A2001C0490 /* MetalScheduler.swift */; };
		C4A69AB126594CB1001C0490 /* PipelineStateBundle.swift in Sources */ = {isa = PBXBuildFile; fileRef = C4A69AB026594CB1001C0490 /* PipelineStateBundle.swift */; };
		C4A69AB426598783001C0490 /* AtomSectionIterator.swift in Sources */ = {isa = PBXBuildFile; fileRef = C4A69AB326598783001C0490 /* AtomSectionIterator.swift */; };
		C4B1F81F26457CF80035D739 /* Protein.swift in Sources */ = {isa = PBXBuildFile; fileRef = C4B1F81E26457CF80035D739 /* Protein.swift */; };
		C4D3978F2721F3AF00F2C2BB /* CreateImpostorSpheres.metal in Sources */ = {isa = PBXBuildFile; fileRef = C4D3978E2721F3AF00F2C2BB /* CreateImpostorSpheres.metal */; };
		C500EE77272C8ADF00A60317 /* ImpostorSphereShader.metal in Sources */ = {isa = PBXBuildFile; fileRef = C500EE76272C8ADF00A60317 /* ImpostorSphereShader.metal */; };
		C500EEB0272D58A400A60317 /* StatusViewModel.swift in Sources */ = {isa = PBXBuildFile; fileRef = C500EEAF272D58A400A60317 /* StatusViewModel.swift */; };
		C500EEB2272D85DE00A60317 /* CustomLinearProgressView.swift in Sources */ = {isa = PBXBuildFile; fileRef = C500EEB1272D85DE00A60317 /* CustomLinearProgressView.swift */; };
		C500EEB4272DA57300A60317 /* SliderRow.swift in Sources */ = {isa = PBXBuildFile; fileRef = C500EEB3272DA57300A60317 /* SliderRow.swift */; };
		C504C9BC27416C78002D4E6A /* ProteinMetalViewController.swift in Sources */ = {isa = PBXBuildFile; fileRef = C405744B2663DC74008527D1 /* ProteinMetalViewController.swift */; };
		C504C9BE274175D5002D4E6A /* CreateAtomMesh.metal in Sources */ = {isa = PBXBuildFile; fileRef = C44D055A266BB77600BAFDCD /* CreateAtomMesh.metal */; };
		C504C9BF274175D8002D4E6A /* CreateImpostorSpheres.metal in Sources */ = {isa = PBXBuildFile; fileRef = C4D3978E2721F3AF00F2C2BB /* CreateImpostorSpheres.metal */; };
		C504C9C0274175DB002D4E6A /* BasicShader.metal in Sources */ = {isa = PBXBuildFile; fileRef = C405744E2663DD58008527D1 /* BasicShader.metal */; };
		C504C9C1274175DD002D4E6A /* ImpostorSphereShader.metal in Sources */ = {isa = PBXBuildFile; fileRef = C500EE76272C8ADF00A60317 /* ImpostorSphereShader.metal */; };
		C504C9C2274175DF002D4E6A /* CreateSASPoints.metal in Sources */ = {isa = PBXBuildFile; fileRef = C41A056B265894AA006F551C /* CreateSASPoints.metal */; };
		C504C9C3274175E2002D4E6A /* RemovePoints.metal in Sources */ = {isa = PBXBuildFile; fileRef = C4057406265E93E9008527D1 /* RemovePoints.metal */; };
		C504C9C4274175E4002D4E6A /* ComputeEDT.metal in Sources */ = {isa = PBXBuildFile; fileRef = C4057408265ED6CD008527D1 /* ComputeEDT.metal */; };
		C504C9C627418769002D4E6A /* Assets.xcassets in Resources */ = {isa = PBXBuildFile; fileRef = C504C9C527418769002D4E6A /* Assets.xcassets */; };
		C504C9C8274294A7002D4E6A /* RCSBError.swift in Sources */ = {isa = PBXBuildFile; fileRef = C504C9C7274294A7002D4E6A /* RCSBError.swift */; };
		C50D95D5273753E50002E089 /* StatusWarningPopover.swift in Sources */ = {isa = PBXBuildFile; fileRef = C50D95D4273753E50002E089 /* StatusWarningPopover.swift */; };
		C50D95D72737F3E90002E089 /* StatusErrorPopover.swift in Sources */ = {isa = PBXBuildFile; fileRef = C50D95D62737F3E90002E089 /* StatusErrorPopover.swift */; };
		C50D95D927400F6F0002E089 /* LongTextRow.swift in Sources */ = {isa = PBXBuildFile; fileRef = C50D95D827400F6F0002E089 /* LongTextRow.swift */; };
		C53A118C2736D17500119BE6 /* ProteinRCSBImportView.swift in Sources */ = {isa = PBXBuildFile; fileRef = C53A118B2736D17500119BE6 /* ProteinRCSBImportView.swift */; };
		C53A118F2736DD0D00119BE6 /* ProteinRCSBRowView.swift in Sources */ = {isa = PBXBuildFile; fileRef = C53A118E2736DD0D00119BE6 /* ProteinRCSBRowView.swift */; };
		C53A11912736DED200119BE6 /* ProteinRCSBImportViewModel.swift in Sources */ = {isa = PBXBuildFile; fileRef = C53A11902736DED200119BE6 /* ProteinRCSBImportViewModel.swift */; };
		C53A11932736F79900119BE6 /* RCSBRequest.swift in Sources */ = {isa = PBXBuildFile; fileRef = C53A11922736F79900119BE6 /* RCSBRequest.swift */; };
		C54066EC274BA7AF00710CFC /* DocumentPickerViewController.swift in Sources */ = {isa = PBXBuildFile; fileRef = C54066EB274BA7AF00710CFC /* DocumentPickerViewController.swift */; };
		C54066EE274BBD6A00710CFC /* ProteinImportViewModel.swift in Sources */ = {isa = PBXBuildFile; fileRef = C54066ED274BBD6A00710CFC /* ProteinImportViewModel.swift */; };
		C572BD182740222800FF010D /* FileSourceView.swift in Sources */ = {isa = PBXBuildFile; fileRef = C572BD172740222800FF010D /* FileSourceView.swift */; };
		C572BD1A2741372600FF010D /* ProteinFileInfo.swift in Sources */ = {isa = PBXBuildFile; fileRef = C572BD192741372600FF010D /* ProteinFileInfo.swift */; };
		C572BD1C2741386300FF010D /* FileSourceRow.swift in Sources */ = {isa = PBXBuildFile; fileRef = C572BD1B2741386300FF010D /* FileSourceRow.swift */; };
		C572BD1E27413AFB00FF010D /* FileSourceViewModel.swift in Sources */ = {isa = PBXBuildFile; fileRef = C572BD1D27413AFB00FF010D /* FileSourceViewModel.swift */; };
		C572BD28274160C900FF010D /* QuickLookThumbnailing.framework in Frameworks */ = {isa = PBXBuildFile; fileRef = C572BD27274160C900FF010D /* QuickLookThumbnailing.framework */; };
		C572BD2B274160C900FF010D /* ThumbnailProvider.swift in Sources */ = {isa = PBXBuildFile; fileRef = C572BD2A274160C900FF010D /* ThumbnailProvider.swift */; };
		C572BD2F274160C900FF010D /* ProteinThumbnail.appex in Embed App Extensions */ = {isa = PBXBuildFile; fileRef = C572BD25274160C900FF010D /* ProteinThumbnail.appex */; settings = {ATTRIBUTES = (RemoveHeadersOnCopy, ); }; };
		C572BD352741653E00FF010D /* ImportFiles.swift in Sources */ = {isa = PBXBuildFile; fileRef = C41A0561264C2853006F551C /* ImportFiles.swift */; };
		C572BD362741655700FF010D /* Protein.swift in Sources */ = {isa = PBXBuildFile; fileRef = C4B1F81E26457CF80035D739 /* Protein.swift */; };
		C572BD372741656000FF010D /* ProteinFileInfo.swift in Sources */ = {isa = PBXBuildFile; fileRef = C572BD192741372600FF010D /* ProteinFileInfo.swift */; };
		C572BD382741656500FF010D /* AtomArrayComposition.swift in Sources */ = {isa = PBXBuildFile; fileRef = C4553629265D869D006D980B /* AtomArrayComposition.swift */; };
		C572BD392741656B00FF010D /* ProteinViewModel.swift in Sources */ = {isa = PBXBuildFile; fileRef = C41A0568264D5D58006F551C /* ProteinViewModel.swift */; };
		C572BD3A2741657B00FF010D /* AtomType.swift in Sources */ = {isa = PBXBuildFile; fileRef = C418BAFD2645B1210031C6F0 /* AtomType.swift */; };
		C572BD3B2741658700FF010D /* ProteinMath.swift in Sources */ = {isa = PBXBuildFile; fileRef = C418BAFB2645A8C20031C6F0 /* ProteinMath.swift */; };
		C572BD3C2741658D00FF010D /* ProteinRenderer.swift in Sources */ = {isa = PBXBuildFile; fileRef = C495B2382663E195004995C2 /* ProteinRenderer.swift */; };
		C572BD3D2741659400FF010D /* ProteinViewDataSource.swift in Sources */ = {isa = PBXBuildFile; fileRef = C45BAC482649C18000B36026 /* ProteinViewDataSource.swift */; };
		C572BD3E2741659D00FF010D /* MetalScene.swift in Sources */ = {isa = PBXBuildFile; fileRef = C49D9D31271C469100E12E2F /* MetalScene.swift */; };
		C572BD3F274165F000FF010D /* StatusViewModel.swift in Sources */ = {isa = PBXBuildFile; fileRef = C500EEAF272D58A400A60317 /* StatusViewModel.swift */; };
		C572BD40274165F500FF010D /* Camera.swift in Sources */ = {isa = PBXBuildFile; fileRef = C46435612669313A00434CC6 /* Camera.swift */; };
		C572BD41274165FE00FF010D /* MetalScheduler.swift in Sources */ = {isa = PBXBuildFile; fileRef = C4A69AAE265936A2001C0490 /* MetalScheduler.swift */; };
		C572BD422741660400FF010D /* ImportDroppedFilesDelegate.swift in Sources */ = {isa = PBXBuildFile; fileRef = C4187E352642FA7A009E2CBA /* ImportDroppedFilesDelegate.swift */; };
		C572BD432741660B00FF010D /* PipelineStateBundle.swift in Sources */ = {isa = PBXBuildFile; fileRef = C4A69AB026594CB1001C0490 /* PipelineStateBundle.swift */; };
		C572BD442741661300FF010D /* MatrixTransform.swift in Sources */ = {isa = PBXBuildFile; fileRef = C495B24226663CF3004995C2 /* MatrixTransform.swift */; };
		C572BD452741663000FF010D /* AppState.swift in Sources */ = {isa = PBXBuildFile; fileRef = C44D0558266BAA6E00BAFDCD /* AppState.swift */; };
		C572BD462741663C00FF010D /* CreateImpostorSpheres.swift in Sources */ = {isa = PBXBuildFile; fileRef = C400E2042721EEE8004DFCA8 /* CreateImpostorSpheres.swift */; };
		C572BD482741680100FF010D /* SIMDExtensions.swift in Sources */ = {isa = PBXBuildFile; fileRef = C495B24426663D2C004995C2 /* SIMDExtensions.swift */; };
		C57303F4273022B300D5B0A6 /* Localizable.strings in Resources */ = {isa = PBXBuildFile; fileRef = C57303F6273022B300D5B0A6 /* Localizable.strings */; };
		C57303F92730401E00D5B0A6 /* README.md in Resources */ = {isa = PBXBuildFile; fileRef = C57303F82730401E00D5B0A6 /* README.md */; };
/* End PBXBuildFile section */

/* Begin PBXContainerItemProxy section */
		C44FC0802641AF1E00459E01 /* PBXContainerItemProxy */ = {
			isa = PBXContainerItemProxy;
			containerPortal = C44FC0662641AF1B00459E01 /* Project object */;
			proxyType = 1;
			remoteGlobalIDString = C44FC06D2641AF1B00459E01;
			remoteInfo = "PDB Viewer";
		};
		C44FC08B2641AF1E00459E01 /* PBXContainerItemProxy */ = {
			isa = PBXContainerItemProxy;
			containerPortal = C44FC0662641AF1B00459E01 /* Project object */;
			proxyType = 1;
			remoteGlobalIDString = C44FC06D2641AF1B00459E01;
			remoteInfo = "PDB Viewer";
		};
		C572BD2D274160C900FF010D /* PBXContainerItemProxy */ = {
			isa = PBXContainerItemProxy;
			containerPortal = C44FC0662641AF1B00459E01 /* Project object */;
			proxyType = 1;
			remoteGlobalIDString = C572BD24274160C900FF010D;
			remoteInfo = ProteinThumbnail;
		};
/* End PBXContainerItemProxy section */

/* Begin PBXCopyFilesBuildPhase section */
		C572BD34274160C900FF010D /* Embed App Extensions */ = {
			isa = PBXCopyFilesBuildPhase;
			buildActionMask = 12;
			dstPath = "";
			dstSubfolderSpec = 13;
			files = (
				C572BD2F274160C900FF010D /* ProteinThumbnail.appex in Embed App Extensions */,
			);
			name = "Embed App Extensions";
			runOnlyForDeploymentPostprocessing = 0;
		};
/* End PBXCopyFilesBuildPhase section */

/* Begin PBXFileReference section */
		C400E2002721ED75004DFCA8 /* CreateSphereModel.swift */ = {isa = PBXFileReference; lastKnownFileType = sourcecode.swift; path = CreateSphereModel.swift; sourceTree = "<group>"; };
		C400E2022721EE73004DFCA8 /* CreateSASPoints.swift */ = {isa = PBXFileReference; lastKnownFileType = sourcecode.swift; path = CreateSASPoints.swift; sourceTree = "<group>"; };
		C400E2042721EEE8004DFCA8 /* CreateImpostorSpheres.swift */ = {isa = PBXFileReference; lastKnownFileType = sourcecode.swift; path = CreateImpostorSpheres.swift; sourceTree = "<group>"; };
		C4057406265E93E9008527D1 /* RemovePoints.metal */ = {isa = PBXFileReference; lastKnownFileType = sourcecode.metal; path = RemovePoints.metal; sourceTree = "<group>"; };
		C4057408265ED6CD008527D1 /* ComputeEDT.metal */ = {isa = PBXFileReference; lastKnownFileType = sourcecode.metal; path = ComputeEDT.metal; sourceTree = "<group>"; };
		C405740A265FF69A008527D1 /* SwitchRow.swift */ = {isa = PBXFileReference; lastKnownFileType = sourcecode.swift; path = SwitchRow.swift; sourceTree = "<group>"; };
		C40574482663D756008527D1 /* ProteinMetalView.swift */ = {isa = PBXFileReference; lastKnownFileType = sourcecode.swift; path = ProteinMetalView.swift; sourceTree = "<group>"; };
		C405744B2663DC74008527D1 /* ProteinMetalViewController.swift */ = {isa = PBXFileReference; lastKnownFileType = sourcecode.swift; path = ProteinMetalViewController.swift; sourceTree = "<group>"; };
		C405744E2663DD58008527D1 /* BasicShader.metal */ = {isa = PBXFileReference; lastKnownFileType = sourcecode.metal; path = BasicShader.metal; sourceTree = "<group>"; };
		C4187E322642E0C2009E2CBA /* MainView.swift */ = {isa = PBXFileReference; lastKnownFileType = sourcecode.swift; path = MainView.swift; sourceTree = "<group>"; };
		C4187E352642FA7A009E2CBA /* ImportDroppedFilesDelegate.swift */ = {isa = PBXFileReference; lastKnownFileType = sourcecode.swift; name = ImportDroppedFilesDelegate.swift; path = BioViewer/Delegates/ImportDroppedFilesDelegate.swift; sourceTree = SOURCE_ROOT; };
		C418BAFB2645A8C20031C6F0 /* ProteinMath.swift */ = {isa = PBXFileReference; lastKnownFileType = sourcecode.swift; path = ProteinMath.swift; sourceTree = "<group>"; };
		C418BAFD2645B1210031C6F0 /* AtomType.swift */ = {isa = PBXFileReference; lastKnownFileType = sourcecode.swift; path = AtomType.swift; sourceTree = "<group>"; };
		C41A055F264ACBF0006F551C /* InformationRow.swift */ = {isa = PBXFileReference; lastKnownFileType = sourcecode.swift; path = InformationRow.swift; sourceTree = "<group>"; };
		C41A0561264C2853006F551C /* ImportFiles.swift */ = {isa = PBXFileReference; lastKnownFileType = sourcecode.swift; name = ImportFiles.swift; path = BioViewer/ImportFiles.swift; sourceTree = SOURCE_ROOT; };
		C41A0563264C5C32006F551C /* AtomMaterialProvider.swift */ = {isa = PBXFileReference; lastKnownFileType = sourcecode.swift; path = AtomMaterialProvider.swift; sourceTree = "<group>"; };
		C41A0565264C7B97006F551C /* StatusView.swift */ = {isa = PBXFileReference; lastKnownFileType = sourcecode.swift; path = StatusView.swift; sourceTree = "<group>"; };
		C41A0568264D5D58006F551C /* ProteinViewModel.swift */ = {isa = PBXFileReference; lastKnownFileType = sourcecode.swift; path = ProteinViewModel.swift; sourceTree = "<group>"; };
		C41A056B265894AA006F551C /* CreateSASPoints.metal */ = {isa = PBXFileReference; lastKnownFileType = sourcecode.metal; path = CreateSASPoints.metal; sourceTree = "<group>"; };
		C440855F26470A0700DC5009 /* SequenceView.swift */ = {isa = PBXFileReference; lastKnownFileType = sourcecode.swift; path = SequenceView.swift; sourceTree = "<group>"; };
		C44085642647155C00DC5009 /* SequenceRow.swift */ = {isa = PBXFileReference; lastKnownFileType = sourcecode.swift; path = SequenceRow.swift; sourceTree = "<group>"; };
		C44085662647ECE500DC5009 /* ProteinSidebar.swift */ = {isa = PBXFileReference; lastKnownFileType = sourcecode.swift; path = ProteinSidebar.swift; sourceTree = "<group>"; };
		C44085692648008500DC5009 /* FileSegmentProtein.swift */ = {isa = PBXFileReference; lastKnownFileType = sourcecode.swift; path = FileSegmentProtein.swift; sourceTree = "<group>"; };
		C440856B26481E0300DC5009 /* ProteinSequenceView.swift */ = {isa = PBXFileReference; lastKnownFileType = sourcecode.swift; name = ProteinSequenceView.swift; path = BioViewer/Views/ProteinViews/ProteinSequenceView.swift; sourceTree = SOURCE_ROOT; };
		C440856E2648200500DC5009 /* VisualEffectView.swift */ = {isa = PBXFileReference; lastKnownFileType = sourcecode.swift; path = VisualEffectView.swift; sourceTree = "<group>"; };
		C44D0558266BAA6E00BAFDCD /* AppState.swift */ = {isa = PBXFileReference; lastKnownFileType = sourcecode.swift; path = AppState.swift; sourceTree = "<group>"; };
		C44D055A266BB77600BAFDCD /* CreateAtomMesh.metal */ = {isa = PBXFileReference; lastKnownFileType = sourcecode.metal; path = CreateAtomMesh.metal; sourceTree = "<group>"; };
		C44FC06E2641AF1B00459E01 /* BioViewer.app */ = {isa = PBXFileReference; explicitFileType = wrapper.application; includeInIndex = 0; path = BioViewer.app; sourceTree = BUILT_PRODUCTS_DIR; };
		C44FC0712641AF1B00459E01 /* BioViewerApp.swift */ = {isa = PBXFileReference; lastKnownFileType = sourcecode.swift; path = BioViewerApp.swift; sourceTree = "<group>"; };
		C44FC0732641AF1B00459E01 /* ProteinView.swift */ = {isa = PBXFileReference; lastKnownFileType = sourcecode.swift; path = ProteinView.swift; sourceTree = "<group>"; };
		C44FC0752641AF1E00459E01 /* Assets.xcassets */ = {isa = PBXFileReference; lastKnownFileType = folder.assetcatalog; path = Assets.xcassets; sourceTree = "<group>"; };
		C44FC0782641AF1E00459E01 /* Preview Assets.xcassets */ = {isa = PBXFileReference; lastKnownFileType = folder.assetcatalog; path = "Preview Assets.xcassets"; sourceTree = "<group>"; };
		C44FC07A2641AF1E00459E01 /* Info.plist */ = {isa = PBXFileReference; lastKnownFileType = text.plist.xml; path = Info.plist; sourceTree = "<group>"; };
		C44FC07F2641AF1E00459E01 /* BioViewerTests.xctest */ = {isa = PBXFileReference; explicitFileType = wrapper.cfbundle; includeInIndex = 0; path = BioViewerTests.xctest; sourceTree = BUILT_PRODUCTS_DIR; };
		C44FC0832641AF1E00459E01 /* BioViewerTests.swift */ = {isa = PBXFileReference; lastKnownFileType = sourcecode.swift; path = BioViewerTests.swift; sourceTree = "<group>"; };
		C44FC0852641AF1E00459E01 /* Info.plist */ = {isa = PBXFileReference; lastKnownFileType = text.plist.xml; path = Info.plist; sourceTree = "<group>"; };
		C44FC08A2641AF1E00459E01 /* BioViewerUITests.xctest */ = {isa = PBXFileReference; explicitFileType = wrapper.cfbundle; includeInIndex = 0; path = BioViewerUITests.xctest; sourceTree = BUILT_PRODUCTS_DIR; };
		C44FC08E2641AF1E00459E01 /* BioViewerUITests.swift */ = {isa = PBXFileReference; lastKnownFileType = sourcecode.swift; path = BioViewerUITests.swift; sourceTree = "<group>"; };
		C44FC0902641AF1E00459E01 /* Info.plist */ = {isa = PBXFileReference; lastKnownFileType = text.plist.xml; path = Info.plist; sourceTree = "<group>"; };
		C44FC09E2641B0A200459E01 /* BioViewer.entitlements */ = {isa = PBXFileReference; lastKnownFileType = text.plist.entitlements; path = BioViewer.entitlements; sourceTree = "<group>"; };
		C4553629265D869D006D980B /* AtomArrayComposition.swift */ = {isa = PBXFileReference; lastKnownFileType = sourcecode.swift; path = AtomArrayComposition.swift; sourceTree = "<group>"; };
		C45BAC3F2648A93500B36026 /* AppearanceSegmentProtein.swift */ = {isa = PBXFileReference; lastKnownFileType = sourcecode.swift; path = AppearanceSegmentProtein.swift; sourceTree = "<group>"; };
		C45BAC422649550C00B36026 /* ColorPickerRow.swift */ = {isa = PBXFileReference; lastKnownFileType = sourcecode.swift; path = ColorPickerRow.swift; sourceTree = "<group>"; };
		C45BAC4426497A3300B36026 /* ProteinCameraControlView.swift */ = {isa = PBXFileReference; lastKnownFileType = sourcecode.swift; path = ProteinCameraControlView.swift; sourceTree = "<group>"; };
		C45BAC482649C18000B36026 /* ProteinViewDataSource.swift */ = {isa = PBXFileReference; lastKnownFileType = sourcecode.swift; path = ProteinViewDataSource.swift; sourceTree = "<group>"; };
		C46435612669313A00434CC6 /* Camera.swift */ = {isa = PBXFileReference; lastKnownFileType = sourcecode.swift; path = Camera.swift; sourceTree = "<group>"; };
		C464C357265A56CC00E66C3E /* SettingsView.swift */ = {isa = PBXFileReference; lastKnownFileType = sourcecode.swift; path = SettingsView.swift; sourceTree = "<group>"; };
		C464C359265A57E900E66C3E /* BuyCoffeeView.swift */ = {isa = PBXFileReference; lastKnownFileType = sourcecode.swift; path = BuyCoffeeView.swift; sourceTree = "<group>"; };
		C464C35B265A5A1D00E66C3E /* CoffeeTipRow.swift */ = {isa = PBXFileReference; lastKnownFileType = sourcecode.swift; path = CoffeeTipRow.swift; sourceTree = "<group>"; };
		C464C35D265A883C00E66C3E /* PickerRow.swift */ = {isa = PBXFileReference; lastKnownFileType = sourcecode.swift; path = PickerRow.swift; sourceTree = "<group>"; };
		C464C35F265B0CA900E66C3E /* CoffeeRow.swift */ = {isa = PBXFileReference; lastKnownFileType = sourcecode.swift; path = CoffeeRow.swift; sourceTree = "<group>"; };
		C464C361265D311200E66C3E /* ProteinImportView.swift */ = {isa = PBXFileReference; lastKnownFileType = sourcecode.swift; path = ProteinImportView.swift; sourceTree = "<group>"; };
		C464C364265D555100E66C3E /* 2OGM.pdb */ = {isa = PBXFileReference; fileEncoding = 4; lastKnownFileType = text; path = 2OGM.pdb; sourceTree = "<group>"; };
		C495B2382663E195004995C2 /* ProteinRenderer.swift */ = {isa = PBXFileReference; lastKnownFileType = sourcecode.swift; path = ProteinRenderer.swift; sourceTree = "<group>"; };
		C495B23B266541A7004995C2 /* ProteinObject.swift */ = {isa = PBXFileReference; lastKnownFileType = sourcecode.swift; path = ProteinObject.swift; sourceTree = "<group>"; };
		C495B23D26654242004995C2 /* ProteinChunk.swift */ = {isa = PBXFileReference; lastKnownFileType = sourcecode.swift; path = ProteinChunk.swift; sourceTree = "<group>"; };
		C495B24026662D9A004995C2 /* VertexTypes.h */ = {isa = PBXFileReference; lastKnownFileType = sourcecode.c.h; path = VertexTypes.h; sourceTree = "<group>"; };
		C495B24226663CF3004995C2 /* MatrixTransform.swift */ = {isa = PBXFileReference; lastKnownFileType = sourcecode.swift; path = MatrixTransform.swift; sourceTree = "<group>"; };
		C495B24426663D2C004995C2 /* SIMDExtensions.swift */ = {isa = PBXFileReference; lastKnownFileType = sourcecode.swift; path = SIMDExtensions.swift; sourceTree = "<group>"; };
		C49D9D31271C469100E12E2F /* MetalScene.swift */ = {isa = PBXFileReference; lastKnownFileType = sourcecode.swift; path = MetalScene.swift; sourceTree = "<group>"; };
		C49D9D33271C4A8C00E12E2F /* FrameData.h */ = {isa = PBXFileReference; lastKnownFileType = sourcecode.c.h; path = FrameData.h; sourceTree = "<group>"; };
		C49D9D34271C56A600E12E2F /* BioViewer-Bridging-Header.h */ = {isa = PBXFileReference; lastKnownFileType = sourcecode.c.h; path = "BioViewer-Bridging-Header.h"; sourceTree = "<group>"; };
		C49D9D38271C6BEF00E12E2F /* AtomProperties.h */ = {isa = PBXFileReference; lastKnownFileType = sourcecode.c.h; path = AtomProperties.h; sourceTree = "<group>"; };
		C49D9D39271DB54E00E12E2F /* GeneratedVertex.h */ = {isa = PBXFileReference; lastKnownFileType = sourcecode.c.h; path = GeneratedVertex.h; sourceTree = "<group>"; };
		C4A69AAE265936A2001C0490 /* MetalScheduler.swift */ = {isa = PBXFileReference; lastKnownFileType = sourcecode.swift; path = MetalScheduler.swift; sourceTree = "<group>"; };
		C4A69AB026594CB1001C0490 /* PipelineStateBundle.swift */ = {isa = PBXFileReference; lastKnownFileType = sourcecode.swift; path = PipelineStateBundle.swift; sourceTree = "<group>"; };
		C4A69AB326598783001C0490 /* AtomSectionIterator.swift */ = {isa = PBXFileReference; lastKnownFileType = sourcecode.swift; path = AtomSectionIterator.swift; sourceTree = "<group>"; };
		C4B1F81E26457CF80035D739 /* Protein.swift */ = {isa = PBXFileReference; lastKnownFileType = sourcecode.swift; path = Protein.swift; sourceTree = "<group>"; };
		C4D3978E2721F3AF00F2C2BB /* CreateImpostorSpheres.metal */ = {isa = PBXFileReference; lastKnownFileType = sourcecode.metal; path = CreateImpostorSpheres.metal; sourceTree = "<group>"; };
		C500EE76272C8ADF00A60317 /* ImpostorSphereShader.metal */ = {isa = PBXFileReference; lastKnownFileType = sourcecode.metal; path = ImpostorSphereShader.metal; sourceTree = "<group>"; };
		C500EEAF272D58A400A60317 /* StatusViewModel.swift */ = {isa = PBXFileReference; lastKnownFileType = sourcecode.swift; path = StatusViewModel.swift; sourceTree = "<group>"; };
		C500EEB1272D85DE00A60317 /* CustomLinearProgressView.swift */ = {isa = PBXFileReference; lastKnownFileType = sourcecode.swift; path = CustomLinearProgressView.swift; sourceTree = "<group>"; };
		C500EEB3272DA57300A60317 /* SliderRow.swift */ = {isa = PBXFileReference; lastKnownFileType = sourcecode.swift; path = SliderRow.swift; sourceTree = "<group>"; };
		C504C9C527418769002D4E6A /* Assets.xcassets */ = {isa = PBXFileReference; lastKnownFileType = folder.assetcatalog; path = Assets.xcassets; sourceTree = "<group>"; };
		C504C9C7274294A7002D4E6A /* RCSBError.swift */ = {isa = PBXFileReference; lastKnownFileType = sourcecode.swift; path = RCSBError.swift; sourceTree = "<group>"; };
		C50D95D4273753E50002E089 /* StatusWarningPopover.swift */ = {isa = PBXFileReference; lastKnownFileType = sourcecode.swift; path = StatusWarningPopover.swift; sourceTree = "<group>"; };
		C50D95D62737F3E90002E089 /* StatusErrorPopover.swift */ = {isa = PBXFileReference; lastKnownFileType = sourcecode.swift; path = StatusErrorPopover.swift; sourceTree = "<group>"; };
		C50D95D827400F6F0002E089 /* LongTextRow.swift */ = {isa = PBXFileReference; lastKnownFileType = sourcecode.swift; path = LongTextRow.swift; sourceTree = "<group>"; };
		C53A118B2736D17500119BE6 /* ProteinRCSBImportView.swift */ = {isa = PBXFileReference; lastKnownFileType = sourcecode.swift; path = ProteinRCSBImportView.swift; sourceTree = "<group>"; };
		C53A118E2736DD0D00119BE6 /* ProteinRCSBRowView.swift */ = {isa = PBXFileReference; lastKnownFileType = sourcecode.swift; path = ProteinRCSBRowView.swift; sourceTree = "<group>"; };
		C53A11902736DED200119BE6 /* ProteinRCSBImportViewModel.swift */ = {isa = PBXFileReference; lastKnownFileType = sourcecode.swift; path = ProteinRCSBImportViewModel.swift; sourceTree = "<group>"; };
		C53A11922736F79900119BE6 /* RCSBRequest.swift */ = {isa = PBXFileReference; lastKnownFileType = sourcecode.swift; path = RCSBRequest.swift; sourceTree = "<group>"; };
		C54066EB274BA7AF00710CFC /* DocumentPickerViewController.swift */ = {isa = PBXFileReference; lastKnownFileType = sourcecode.swift; path = DocumentPickerViewController.swift; sourceTree = "<group>"; };
		C54066ED274BBD6A00710CFC /* ProteinImportViewModel.swift */ = {isa = PBXFileReference; lastKnownFileType = sourcecode.swift; path = ProteinImportViewModel.swift; sourceTree = "<group>"; };
		C572BD172740222800FF010D /* FileSourceView.swift */ = {isa = PBXFileReference; lastKnownFileType = sourcecode.swift; path = FileSourceView.swift; sourceTree = "<group>"; };
		C572BD192741372600FF010D /* ProteinFileInfo.swift */ = {isa = PBXFileReference; lastKnownFileType = sourcecode.swift; path = ProteinFileInfo.swift; sourceTree = "<group>"; };
		C572BD1B2741386300FF010D /* FileSourceRow.swift */ = {isa = PBXFileReference; lastKnownFileType = sourcecode.swift; path = FileSourceRow.swift; sourceTree = "<group>"; };
		C572BD1D27413AFB00FF010D /* FileSourceViewModel.swift */ = {isa = PBXFileReference; lastKnownFileType = sourcecode.swift; path = FileSourceViewModel.swift; sourceTree = "<group>"; };
		C572BD25274160C900FF010D /* ProteinThumbnail.appex */ = {isa = PBXFileReference; explicitFileType = "wrapper.app-extension"; includeInIndex = 0; path = ProteinThumbnail.appex; sourceTree = BUILT_PRODUCTS_DIR; };
		C572BD27274160C900FF010D /* QuickLookThumbnailing.framework */ = {isa = PBXFileReference; lastKnownFileType = wrapper.framework; name = QuickLookThumbnailing.framework; path = System/Library/Frameworks/QuickLookThumbnailing.framework; sourceTree = SDKROOT; };
		C572BD2A274160C900FF010D /* ThumbnailProvider.swift */ = {isa = PBXFileReference; lastKnownFileType = sourcecode.swift; path = ThumbnailProvider.swift; sourceTree = "<group>"; };
		C572BD2C274160C900FF010D /* Info.plist */ = {isa = PBXFileReference; lastKnownFileType = text.plist.xml; path = Info.plist; sourceTree = "<group>"; };
		C572BD30274160C900FF010D /* ProteinThumbnail.entitlements */ = {isa = PBXFileReference; lastKnownFileType = text.plist.entitlements; path = ProteinThumbnail.entitlements; sourceTree = "<group>"; };
		C57303F5273022B300D5B0A6 /* en */ = {isa = PBXFileReference; lastKnownFileType = text.plist.strings; name = en; path = en.lproj/Localizable.strings; sourceTree = "<group>"; };
		C57303F7273022F500D5B0A6 /* es */ = {isa = PBXFileReference; lastKnownFileType = text.plist.strings; name = es; path = es.lproj/Localizable.strings; sourceTree = "<group>"; };
		C57303F82730401E00D5B0A6 /* README.md */ = {isa = PBXFileReference; fileEncoding = 4; lastKnownFileType = net.daringfireball.markdown; path = README.md; sourceTree = SOURCE_ROOT; };
/* End PBXFileReference section */

/* Begin PBXFrameworksBuildPhase section */
		C44FC06B2641AF1B00459E01 /* Frameworks */ = {
			isa = PBXFrameworksBuildPhase;
			buildActionMask = 2147483647;
			files = (
			);
			runOnlyForDeploymentPostprocessing = 0;
		};
		C44FC07C2641AF1E00459E01 /* Frameworks */ = {
			isa = PBXFrameworksBuildPhase;
			buildActionMask = 2147483647;
			files = (
			);
			runOnlyForDeploymentPostprocessing = 0;
		};
		C44FC0872641AF1E00459E01 /* Frameworks */ = {
			isa = PBXFrameworksBuildPhase;
			buildActionMask = 2147483647;
			files = (
			);
			runOnlyForDeploymentPostprocessing = 0;
		};
		C572BD22274160C900FF010D /* Frameworks */ = {
			isa = PBXFrameworksBuildPhase;
			buildActionMask = 2147483647;
			files = (
				C572BD28274160C900FF010D /* QuickLookThumbnailing.framework in Frameworks */,
			);
			runOnlyForDeploymentPostprocessing = 0;
		};
/* End PBXFrameworksBuildPhase section */

/* Begin PBXGroup section */
		C400E1FF2721ED5C004DFCA8 /* Functions */ = {
			isa = PBXGroup;
			children = (
				C4A69AAE265936A2001C0490 /* MetalScheduler.swift */,
				C4A69AB026594CB1001C0490 /* PipelineStateBundle.swift */,
				C400E2042721EEE8004DFCA8 /* CreateImpostorSpheres.swift */,
				C400E2002721ED75004DFCA8 /* CreateSphereModel.swift */,
				C400E2022721EE73004DFCA8 /* CreateSASPoints.swift */,
			);
			path = Functions;
			sourceTree = "<group>";
		};
		C405744A2663DC4C008527D1 /* ProteinMetal */ = {
			isa = PBXGroup;
			children = (
				C405744B2663DC74008527D1 /* ProteinMetalViewController.swift */,
				C40574482663D756008527D1 /* ProteinMetalView.swift */,
			);
			path = ProteinMetal;
			sourceTree = "<group>";
		};
		C405744D2663DD4C008527D1 /* Shaders */ = {
			isa = PBXGroup;
			children = (
				C49D9D33271C4A8C00E12E2F /* FrameData.h */,
				C495B24026662D9A004995C2 /* VertexTypes.h */,
				C405744E2663DD58008527D1 /* BasicShader.metal */,
				C500EE76272C8ADF00A60317 /* ImpostorSphereShader.metal */,
			);
			path = Shaders;
			sourceTree = "<group>";
		};
		C4187E342642E0CA009E2CBA /* Views */ = {
			isa = PBXGroup;
			children = (
				C4187E322642E0C2009E2CBA /* MainView.swift */,
				C464C357265A56CC00E66C3E /* SettingsView.swift */,
				C44085632647153200DC5009 /* ProteinViews */,
				C44085612647151A00DC5009 /* SequenceViews */,
				C45BAC41264954FF00B36026 /* Rows */,
				C440856D26481FD800DC5009 /* UtilityViews */,
			);
			path = Views;
			sourceTree = "<group>";
		};
		C41A0567264D5D47006F551C /* ViewModels */ = {
			isa = PBXGroup;
			children = (
				C41A0568264D5D58006F551C /* ProteinViewModel.swift */,
			);
			path = ViewModels;
			sourceTree = "<group>";
		};
		C41A056A2658948B006F551C /* Metal */ = {
			isa = PBXGroup;
			children = (
				C495B23A2665419C004995C2 /* Meshes */,
				C495B2372663E189004995C2 /* Renderer */,
				C405744D2663DD4C008527D1 /* Shaders */,
				C495B24126663CDA004995C2 /* Utilities */,
				C400E1FF2721ED5C004DFCA8 /* Functions */,
				C4A69AB226598768001C0490 /* MolecularSurface */,
			);
			path = Metal;
			sourceTree = "<group>";
		};
		C44085612647151A00DC5009 /* SequenceViews */ = {
			isa = PBXGroup;
			children = (
				C44085622647152500DC5009 /* Rows */,
				C440855F26470A0700DC5009 /* SequenceView.swift */,
			);
			path = SequenceViews;
			sourceTree = "<group>";
		};
		C44085622647152500DC5009 /* Rows */ = {
			isa = PBXGroup;
			children = (
				C44085642647155C00DC5009 /* SequenceRow.swift */,
			);
			path = Rows;
			sourceTree = "<group>";
		};
		C44085632647153200DC5009 /* ProteinViews */ = {
			isa = PBXGroup;
			children = (
				C41A0567264D5D47006F551C /* ViewModels */,
				C44085682648007100DC5009 /* Segments */,
				C464C363265D361300E66C3E /* ImportProteins */,
				C405744A2663DC4C008527D1 /* ProteinMetal */,
				C44FC0732641AF1B00459E01 /* ProteinView.swift */,
				C44085662647ECE500DC5009 /* ProteinSidebar.swift */,
				C45BAC4426497A3300B36026 /* ProteinCameraControlView.swift */,
				C440856B26481E0300DC5009 /* ProteinSequenceView.swift */,
			);
			path = ProteinViews;
			sourceTree = "<group>";
		};
		C44085682648007100DC5009 /* Segments */ = {
			isa = PBXGroup;
			children = (
				C572BD162740220900FF010D /* FileSegmentProtein */,
				C45BAC3F2648A93500B36026 /* AppearanceSegmentProtein.swift */,
			);
			path = Segments;
			sourceTree = "<group>";
		};
		C440856D26481FD800DC5009 /* UtilityViews */ = {
			isa = PBXGroup;
			children = (
				C41A0565264C7B97006F551C /* StatusView.swift */,
				C50D95D62737F3E90002E089 /* StatusErrorPopover.swift */,
				C50D95D4273753E50002E089 /* StatusWarningPopover.swift */,
				C500EEAF272D58A400A60317 /* StatusViewModel.swift */,
				C500EEB1272D85DE00A60317 /* CustomLinearProgressView.swift */,
				C440856E2648200500DC5009 /* VisualEffectView.swift */,
				C464C356265A569800E66C3E /* CoffeeViews */,
			);
			path = UtilityViews;
			sourceTree = "<group>";
		};
		C44FC0652641AF1B00459E01 = {
			isa = PBXGroup;
			children = (
				C44FC0702641AF1B00459E01 /* BioViewer */,
				C44FC0822641AF1E00459E01 /* BioViewerTests */,
				C44FC08D2641AF1E00459E01 /* BioViewerUITests */,
				C572BD29274160C900FF010D /* ProteinThumbnail */,
				C572BD26274160C900FF010D /* Frameworks */,
				C44FC06F2641AF1B00459E01 /* Products */,
			);
			sourceTree = "<group>";
		};
		C44FC06F2641AF1B00459E01 /* Products */ = {
			isa = PBXGroup;
			children = (
				C44FC06E2641AF1B00459E01 /* BioViewer.app */,
				C44FC07F2641AF1E00459E01 /* BioViewerTests.xctest */,
				C44FC08A2641AF1E00459E01 /* BioViewerUITests.xctest */,
				C572BD25274160C900FF010D /* ProteinThumbnail.appex */,
			);
			name = Products;
			sourceTree = "<group>";
		};
		C44FC0702641AF1B00459E01 /* BioViewer */ = {
			isa = PBXGroup;
			children = (
				C44FC09E2641B0A200459E01 /* BioViewer.entitlements */,
				C57303F82730401E00D5B0A6 /* README.md */,
				C49D9D34271C56A600E12E2F /* BioViewer-Bridging-Header.h */,
				C44FC0712641AF1B00459E01 /* BioViewerApp.swift */,
				C44D0558266BAA6E00BAFDCD /* AppState.swift */,
				C418BAFB2645A8C20031C6F0 /* ProteinMath.swift */,
				C41A0561264C2853006F551C /* ImportFiles.swift */,
				C54066EB274BA7AF00710CFC /* DocumentPickerViewController.swift */,
				C4B1F82126457D1E0035D739 /* Delegates */,
				C4B1F82026457D020035D739 /* Data structures */,
				C4187E342642E0CA009E2CBA /* Views */,
				C41A056A2658948B006F551C /* Metal */,
				C44FC0752641AF1E00459E01 /* Assets.xcassets */,
				C57303F6273022B300D5B0A6 /* Localizable.strings */,
				C464C364265D555100E66C3E /* 2OGM.pdb */,
				C44FC07A2641AF1E00459E01 /* Info.plist */,
				C44FC0772641AF1E00459E01 /* Preview Content */,
			);
			path = BioViewer;
			sourceTree = "<group>";
		};
		C44FC0772641AF1E00459E01 /* Preview Content */ = {
			isa = PBXGroup;
			children = (
				C44FC0782641AF1E00459E01 /* Preview Assets.xcassets */,
			);
			path = "Preview Content";
			sourceTree = "<group>";
		};
		C44FC0822641AF1E00459E01 /* BioViewerTests */ = {
			isa = PBXGroup;
			children = (
				C44FC0832641AF1E00459E01 /* BioViewerTests.swift */,
				C44FC0852641AF1E00459E01 /* Info.plist */,
			);
			path = BioViewerTests;
			sourceTree = "<group>";
		};
		C44FC08D2641AF1E00459E01 /* BioViewerUITests */ = {
			isa = PBXGroup;
			children = (
				C44FC08E2641AF1E00459E01 /* BioViewerUITests.swift */,
				C44FC0902641AF1E00459E01 /* Info.plist */,
			);
			path = BioViewerUITests;
			sourceTree = "<group>";
		};
		C45BAC41264954FF00B36026 /* Rows */ = {
			isa = PBXGroup;
			children = (
				C45BAC422649550C00B36026 /* ColorPickerRow.swift */,
				C41A055F264ACBF0006F551C /* InformationRow.swift */,
				C50D95D827400F6F0002E089 /* LongTextRow.swift */,
				C405740A265FF69A008527D1 /* SwitchRow.swift */,
				C500EEB3272DA57300A60317 /* SliderRow.swift */,
				C464C35D265A883C00E66C3E /* PickerRow.swift */,
			);
			path = Rows;
			sourceTree = "<group>";
		};
		C464C356265A569800E66C3E /* CoffeeViews */ = {
			isa = PBXGroup;
			children = (
				C464C359265A57E900E66C3E /* BuyCoffeeView.swift */,
				C464C35B265A5A1D00E66C3E /* CoffeeTipRow.swift */,
				C464C35F265B0CA900E66C3E /* CoffeeRow.swift */,
			);
			path = CoffeeViews;
			sourceTree = "<group>";
		};
		C464C363265D361300E66C3E /* ImportProteins */ = {
			isa = PBXGroup;
			children = (
				C464C361265D311200E66C3E /* ProteinImportView.swift */,
				C54066ED274BBD6A00710CFC /* ProteinImportViewModel.swift */,
				C53A118D2736DCFA00119BE6 /* ProteinRCSBViews */,
			);
			path = ImportProteins;
			sourceTree = "<group>";
		};
		C495B2372663E189004995C2 /* Renderer */ = {
			isa = PBXGroup;
			children = (
				C495B2382663E195004995C2 /* ProteinRenderer.swift */,
				C49D9D31271C469100E12E2F /* MetalScene.swift */,
				C46435612669313A00434CC6 /* Camera.swift */,
			);
			path = Renderer;
			sourceTree = "<group>";
		};
		C495B23A2665419C004995C2 /* Meshes */ = {
			isa = PBXGroup;
			children = (
				C495B23B266541A7004995C2 /* ProteinObject.swift */,
				C495B23D26654242004995C2 /* ProteinChunk.swift */,
				C49D9D38271C6BEF00E12E2F /* AtomProperties.h */,
				C49D9D39271DB54E00E12E2F /* GeneratedVertex.h */,
				C44D055A266BB77600BAFDCD /* CreateAtomMesh.metal */,
				C4D3978E2721F3AF00F2C2BB /* CreateImpostorSpheres.metal */,
			);
			path = Meshes;
			sourceTree = "<group>";
		};
		C495B24126663CDA004995C2 /* Utilities */ = {
			isa = PBXGroup;
			children = (
				C495B24226663CF3004995C2 /* MatrixTransform.swift */,
				C495B24426663D2C004995C2 /* SIMDExtensions.swift */,
			);
			path = Utilities;
			sourceTree = "<group>";
		};
		C4A69AB226598768001C0490 /* MolecularSurface */ = {
			isa = PBXGroup;
			children = (
				C41A056B265894AA006F551C /* CreateSASPoints.metal */,
				C4057406265E93E9008527D1 /* RemovePoints.metal */,
				C4057408265ED6CD008527D1 /* ComputeEDT.metal */,
			);
			path = MolecularSurface;
			sourceTree = "<group>";
		};
		C4B1F82026457D020035D739 /* Data structures */ = {
			isa = PBXGroup;
			children = (
				C45BAC482649C18000B36026 /* ProteinViewDataSource.swift */,
				C4B1F81E26457CF80035D739 /* Protein.swift */,
				C572BD192741372600FF010D /* ProteinFileInfo.swift */,
				C4553629265D869D006D980B /* AtomArrayComposition.swift */,
				C418BAFD2645B1210031C6F0 /* AtomType.swift */,
				C41A0563264C5C32006F551C /* AtomMaterialProvider.swift */,
				C4A69AB326598783001C0490 /* AtomSectionIterator.swift */,
				C504C9C9274294FE002D4E6A /* RCSB */,
			);
			path = "Data structures";
			sourceTree = "<group>";
		};
		C4B1F82126457D1E0035D739 /* Delegates */ = {
			isa = PBXGroup;
			children = (
				C4187E352642FA7A009E2CBA /* ImportDroppedFilesDelegate.swift */,
			);
			path = Delegates;
			sourceTree = "<group>";
		};
		C504C9C9274294FE002D4E6A /* RCSB */ = {
			isa = PBXGroup;
			children = (
				C53A11922736F79900119BE6 /* RCSBRequest.swift */,
				C504C9C7274294A7002D4E6A /* RCSBError.swift */,
			);
			path = RCSB;
			sourceTree = "<group>";
		};
		C53A118D2736DCFA00119BE6 /* ProteinRCSBViews */ = {
			isa = PBXGroup;
			children = (
				C53A118B2736D17500119BE6 /* ProteinRCSBImportView.swift */,
				C53A11902736DED200119BE6 /* ProteinRCSBImportViewModel.swift */,
				C53A118E2736DD0D00119BE6 /* ProteinRCSBRowView.swift */,
			);
			path = ProteinRCSBViews;
			sourceTree = "<group>";
		};
		C572BD162740220900FF010D /* FileSegmentProtein */ = {
			isa = PBXGroup;
			children = (
				C44085692648008500DC5009 /* FileSegmentProtein.swift */,
				C572BD172740222800FF010D /* FileSourceView.swift */,
				C572BD1D27413AFB00FF010D /* FileSourceViewModel.swift */,
				C572BD1B2741386300FF010D /* FileSourceRow.swift */,
			);
			path = FileSegmentProtein;
			sourceTree = "<group>";
		};
		C572BD26274160C900FF010D /* Frameworks */ = {
			isa = PBXGroup;
			children = (
				C572BD27274160C900FF010D /* QuickLookThumbnailing.framework */,
			);
			name = Frameworks;
			sourceTree = "<group>";
		};
		C572BD29274160C900FF010D /* ProteinThumbnail */ = {
			isa = PBXGroup;
			children = (
				C572BD30274160C900FF010D /* ProteinThumbnail.entitlements */,
				C572BD2A274160C900FF010D /* ThumbnailProvider.swift */,
				C504C9C527418769002D4E6A /* Assets.xcassets */,
				C572BD2C274160C900FF010D /* Info.plist */,
			);
			path = ProteinThumbnail;
			sourceTree = "<group>";
		};
/* End PBXGroup section */

/* Begin PBXNativeTarget section */
		C44FC06D2641AF1B00459E01 /* BioViewer */ = {
			isa = PBXNativeTarget;
			buildConfigurationList = C44FC0932641AF1E00459E01 /* Build configuration list for PBXNativeTarget "BioViewer" */;
			buildPhases = (
				C53A11882736AED000119BE6 /* SwiftLint */,
				C44FC06A2641AF1B00459E01 /* Sources */,
				C44FC06B2641AF1B00459E01 /* Frameworks */,
				C44FC06C2641AF1B00459E01 /* Resources */,
				C572BD34274160C900FF010D /* Embed App Extensions */,
			);
			buildRules = (
			);
			dependencies = (
				C572BD2E274160C900FF010D /* PBXTargetDependency */,
			);
			name = BioViewer;
			productName = "PDB Viewer";
			productReference = C44FC06E2641AF1B00459E01 /* BioViewer.app */;
			productType = "com.apple.product-type.application";
		};
		C44FC07E2641AF1E00459E01 /* BioViewerTests */ = {
			isa = PBXNativeTarget;
			buildConfigurationList = C44FC0962641AF1E00459E01 /* Build configuration list for PBXNativeTarget "BioViewerTests" */;
			buildPhases = (
				C44FC07B2641AF1E00459E01 /* Sources */,
				C44FC07C2641AF1E00459E01 /* Frameworks */,
				C44FC07D2641AF1E00459E01 /* Resources */,
			);
			buildRules = (
			);
			dependencies = (
				C44FC0812641AF1E00459E01 /* PBXTargetDependency */,
			);
			name = BioViewerTests;
			productName = "PDB ViewerTests";
			productReference = C44FC07F2641AF1E00459E01 /* BioViewerTests.xctest */;
			productType = "com.apple.product-type.bundle.unit-test";
		};
		C44FC0892641AF1E00459E01 /* BioViewerUITests */ = {
			isa = PBXNativeTarget;
			buildConfigurationList = C44FC0992641AF1E00459E01 /* Build configuration list for PBXNativeTarget "BioViewerUITests" */;
			buildPhases = (
				C44FC0862641AF1E00459E01 /* Sources */,
				C44FC0872641AF1E00459E01 /* Frameworks */,
				C44FC0882641AF1E00459E01 /* Resources */,
			);
			buildRules = (
			);
			dependencies = (
				C44FC08C2641AF1E00459E01 /* PBXTargetDependency */,
			);
			name = BioViewerUITests;
			productName = "PDB ViewerUITests";
			productReference = C44FC08A2641AF1E00459E01 /* BioViewerUITests.xctest */;
			productType = "com.apple.product-type.bundle.ui-testing";
		};
		C572BD24274160C900FF010D /* ProteinThumbnail */ = {
			isa = PBXNativeTarget;
			buildConfigurationList = C572BD31274160C900FF010D /* Build configuration list for PBXNativeTarget "ProteinThumbnail" */;
			buildPhases = (
				C572BD21274160C900FF010D /* Sources */,
				C572BD22274160C900FF010D /* Frameworks */,
				C572BD23274160C900FF010D /* Resources */,
			);
			buildRules = (
			);
			dependencies = (
			);
			name = ProteinThumbnail;
			productName = ProteinThumbnail;
			productReference = C572BD25274160C900FF010D /* ProteinThumbnail.appex */;
			productType = "com.apple.product-type.app-extension";
		};
/* End PBXNativeTarget section */

/* Begin PBXProject section */
		C44FC0662641AF1B00459E01 /* Project object */ = {
			isa = PBXProject;
			attributes = {
				LastSwiftUpdateCheck = 1310;
				LastUpgradeCheck = 1250;
				TargetAttributes = {
					C44FC06D2641AF1B00459E01 = {
						CreatedOnToolsVersion = 12.5;
						LastSwiftMigration = 1300;
					};
					C44FC07E2641AF1E00459E01 = {
						CreatedOnToolsVersion = 12.5;
						TestTargetID = C44FC06D2641AF1B00459E01;
					};
					C44FC0892641AF1E00459E01 = {
						CreatedOnToolsVersion = 12.5;
						TestTargetID = C44FC06D2641AF1B00459E01;
					};
					C572BD24274160C900FF010D = {
						CreatedOnToolsVersion = 13.1;
					};
				};
			};
			buildConfigurationList = C44FC0692641AF1B00459E01 /* Build configuration list for PBXProject "BioViewer" */;
			compatibilityVersion = "Xcode 9.3";
			developmentRegion = en;
			hasScannedForEncodings = 0;
			knownRegions = (
				en,
				Base,
				es,
			);
			mainGroup = C44FC0652641AF1B00459E01;
			productRefGroup = C44FC06F2641AF1B00459E01 /* Products */;
			projectDirPath = "";
			projectRoot = "";
			targets = (
				C44FC06D2641AF1B00459E01 /* BioViewer */,
				C44FC07E2641AF1E00459E01 /* BioViewerTests */,
				C44FC0892641AF1E00459E01 /* BioViewerUITests */,
				C572BD24274160C900FF010D /* ProteinThumbnail */,
			);
		};
/* End PBXProject section */

/* Begin PBXResourcesBuildPhase section */
		C44FC06C2641AF1B00459E01 /* Resources */ = {
			isa = PBXResourcesBuildPhase;
			buildActionMask = 2147483647;
			files = (
				C44FC0792641AF1E00459E01 /* Preview Assets.xcassets in Resources */,
				C57303F4273022B300D5B0A6 /* Localizable.strings in Resources */,
				C57303F92730401E00D5B0A6 /* README.md in Resources */,
				C464C365265D555100E66C3E /* 2OGM.pdb in Resources */,
				C44FC0762641AF1E00459E01 /* Assets.xcassets in Resources */,
			);
			runOnlyForDeploymentPostprocessing = 0;
		};
		C44FC07D2641AF1E00459E01 /* Resources */ = {
			isa = PBXResourcesBuildPhase;
			buildActionMask = 2147483647;
			files = (
			);
			runOnlyForDeploymentPostprocessing = 0;
		};
		C44FC0882641AF1E00459E01 /* Resources */ = {
			isa = PBXResourcesBuildPhase;
			buildActionMask = 2147483647;
			files = (
			);
			runOnlyForDeploymentPostprocessing = 0;
		};
		C572BD23274160C900FF010D /* Resources */ = {
			isa = PBXResourcesBuildPhase;
			buildActionMask = 2147483647;
			files = (
				C504C9C627418769002D4E6A /* Assets.xcassets in Resources */,
			);
			runOnlyForDeploymentPostprocessing = 0;
		};
/* End PBXResourcesBuildPhase section */

/* Begin PBXShellScriptBuildPhase section */
		C53A11882736AED000119BE6 /* SwiftLint */ = {
			isa = PBXShellScriptBuildPhase;
			buildActionMask = 2147483647;
			files = (
			);
			inputFileListPaths = (
			);
			inputPaths = (
			);
			name = SwiftLint;
			outputFileListPaths = (
			);
			outputPaths = (
			);
			runOnlyForDeploymentPostprocessing = 0;
			shellPath = /bin/sh;
			shellScript = "if test -d \"/opt/homebrew/bin/\"; then\n  PATH=\"/opt/homebrew/bin/:${PATH}\"\nfi\n\nexport PATH\n\nif which swiftlint >/dev/null; then\n  swiftlint\nelse\n  echo \"warning: SwiftLint not installed, download from https://github.com/realm/SwiftLint\"\nfi\n";
		};
/* End PBXShellScriptBuildPhase section */

/* Begin PBXSourcesBuildPhase section */
		C44FC06A2641AF1B00459E01 /* Sources */ = {
			isa = PBXSourcesBuildPhase;
			buildActionMask = 2147483647;
			files = (
				C464C35E265A883C00E66C3E /* PickerRow.swift in Sources */,
				C418BAFC2645A8C20031C6F0 /* ProteinMath.swift in Sources */,
				C41A0562264C2853006F551C /* ImportFiles.swift in Sources */,
				C4B1F81F26457CF80035D739 /* Protein.swift in Sources */,
				C405740B265FF69A008527D1 /* SwitchRow.swift in Sources */,
				C500EE77272C8ADF00A60317 /* ImpostorSphereShader.metal in Sources */,
				C495B2392663E195004995C2 /* ProteinRenderer.swift in Sources */,
				C440856C26481E0300DC5009 /* ProteinSequenceView.swift in Sources */,
				C455362A265D869D006D980B /* AtomArrayComposition.swift in Sources */,
				C53A11912736DED200119BE6 /* ProteinRCSBImportViewModel.swift in Sources */,
				C41A056C265894AA006F551C /* CreateSASPoints.metal in Sources */,
				C53A11932736F79900119BE6 /* RCSBRequest.swift in Sources */,
				C464C35A265A57E900E66C3E /* BuyCoffeeView.swift in Sources */,
				C495B24526663D2C004995C2 /* SIMDExtensions.swift in Sources */,
				C495B23C266541A7004995C2 /* ProteinObject.swift in Sources */,
				C400E2032721EE73004DFCA8 /* CreateSASPoints.swift in Sources */,
				C4A69AAF265936A2001C0490 /* MetalScheduler.swift in Sources */,
				C41A0564264C5C32006F551C /* AtomMaterialProvider.swift in Sources */,
				C40574492663D756008527D1 /* ProteinMetalView.swift in Sources */,
				C495B24326663CF3004995C2 /* MatrixTransform.swift in Sources */,
				C54066EC274BA7AF00710CFC /* DocumentPickerViewController.swift in Sources */,
				C50D95D5273753E50002E089 /* StatusWarningPopover.swift in Sources */,
				C572BD1C2741386300FF010D /* FileSourceRow.swift in Sources */,
				C53A118C2736D17500119BE6 /* ProteinRCSBImportView.swift in Sources */,
				C41A0569264D5D58006F551C /* ProteinViewModel.swift in Sources */,
				C54066EE274BBD6A00710CFC /* ProteinImportViewModel.swift in Sources */,
				C45BAC4526497A3300B36026 /* ProteinCameraControlView.swift in Sources */,
				C440856026470A0700DC5009 /* SequenceView.swift in Sources */,
				C4057407265E93E9008527D1 /* RemovePoints.metal in Sources */,
				C49D9D32271C469100E12E2F /* MetalScene.swift in Sources */,
				C41A0566264C7B97006F551C /* StatusView.swift in Sources */,
				C45BAC432649550C00B36026 /* ColorPickerRow.swift in Sources */,
				C44085652647155C00DC5009 /* SequenceRow.swift in Sources */,
				C44FC0742641AF1B00459E01 /* ProteinView.swift in Sources */,
				C464C362265D311200E66C3E /* ProteinImportView.swift in Sources */,
				C50D95D927400F6F0002E089 /* LongTextRow.swift in Sources */,
				C4D3978F2721F3AF00F2C2BB /* CreateImpostorSpheres.metal in Sources */,
				C500EEB2272D85DE00A60317 /* CustomLinearProgressView.swift in Sources */,
				C44085672647ECE500DC5009 /* ProteinSidebar.swift in Sources */,
				C44D0559266BAA6E00BAFDCD /* AppState.swift in Sources */,
				C504C9C8274294A7002D4E6A /* RCSBError.swift in Sources */,
				C4187E332642E0C2009E2CBA /* MainView.swift in Sources */,
				C4A69AB126594CB1001C0490 /* PipelineStateBundle.swift in Sources */,
				C464C358265A56CC00E66C3E /* SettingsView.swift in Sources */,
				C500EEB0272D58A400A60317 /* StatusViewModel.swift in Sources */,
				C44FC0722641AF1B00459E01 /* BioViewerApp.swift in Sources */,
				C500EEB4272DA57300A60317 /* SliderRow.swift in Sources */,
				C440856F2648200500DC5009 /* VisualEffectView.swift in Sources */,
				C46435622669313A00434CC6 /* Camera.swift in Sources */,
				C405744C2663DC74008527D1 /* ProteinMetalViewController.swift in Sources */,
				C41A0560264ACBF0006F551C /* InformationRow.swift in Sources */,
				C4057409265ED6CD008527D1 /* ComputeEDT.metal in Sources */,
				C405744F2663DD58008527D1 /* BasicShader.metal in Sources */,
				C400E2052721EEE8004DFCA8 /* CreateImpostorSpheres.swift in Sources */,
				C418BAFE2645B1210031C6F0 /* AtomType.swift in Sources */,
				C400E2012721ED75004DFCA8 /* CreateSphereModel.swift in Sources */,
				C464C35C265A5A1D00E66C3E /* CoffeeTipRow.swift in Sources */,
				C50D95D72737F3E90002E089 /* StatusErrorPopover.swift in Sources */,
				C45BAC492649C18000B36026 /* ProteinViewDataSource.swift in Sources */,
				C464C360265B0CA900E66C3E /* CoffeeRow.swift in Sources */,
				C495B23E26654242004995C2 /* ProteinChunk.swift in Sources */,
				C45BAC402648A93500B36026 /* AppearanceSegmentProtein.swift in Sources */,
				C572BD1E27413AFB00FF010D /* FileSourceViewModel.swift in Sources */,
				C44D055B266BB77600BAFDCD /* CreateAtomMesh.metal in Sources */,
				C572BD1A2741372600FF010D /* ProteinFileInfo.swift in Sources */,
				C572BD182740222800FF010D /* FileSourceView.swift in Sources */,
				C4187E362642FA7A009E2CBA /* ImportDroppedFilesDelegate.swift in Sources */,
				C440856A2648008500DC5009 /* FileSegmentProtein.swift in Sources */,
				C4A69AB426598783001C0490 /* AtomSectionIterator.swift in Sources */,
				C53A118F2736DD0D00119BE6 /* ProteinRCSBRowView.swift in Sources */,
			);
			runOnlyForDeploymentPostprocessing = 0;
		};
		C44FC07B2641AF1E00459E01 /* Sources */ = {
			isa = PBXSourcesBuildPhase;
			buildActionMask = 2147483647;
			files = (
				C44FC0842641AF1E00459E01 /* BioViewerTests.swift in Sources */,
			);
			runOnlyForDeploymentPostprocessing = 0;
		};
		C44FC0862641AF1E00459E01 /* Sources */ = {
			isa = PBXSourcesBuildPhase;
			buildActionMask = 2147483647;
			files = (
				C44FC08F2641AF1E00459E01 /* BioViewerUITests.swift in Sources */,
			);
			runOnlyForDeploymentPostprocessing = 0;
		};
		C572BD21274160C900FF010D /* Sources */ = {
			isa = PBXSourcesBuildPhase;
			buildActionMask = 2147483647;
			files = (
				C572BD392741656B00FF010D /* ProteinViewModel.swift in Sources */,
				C572BD382741656500FF010D /* AtomArrayComposition.swift in Sources */,
				C504C9BF274175D8002D4E6A /* CreateImpostorSpheres.metal in Sources */,
				C572BD362741655700FF010D /* Protein.swift in Sources */,
				C572BD452741663000FF010D /* AppState.swift in Sources */,
				C572BD482741680100FF010D /* SIMDExtensions.swift in Sources */,
				C572BD462741663C00FF010D /* CreateImpostorSpheres.swift in Sources */,
				C572BD442741661300FF010D /* MatrixTransform.swift in Sources */,
				C572BD3D2741659400FF010D /* ProteinViewDataSource.swift in Sources */,
				C572BD3F274165F000FF010D /* StatusViewModel.swift in Sources */,
				C572BD432741660B00FF010D /* PipelineStateBundle.swift in Sources */,
				C504C9C0274175DB002D4E6A /* BasicShader.metal in Sources */,
				C572BD41274165FE00FF010D /* MetalScheduler.swift in Sources */,
				C572BD3E2741659D00FF010D /* MetalScene.swift in Sources */,
				C572BD3A2741657B00FF010D /* AtomType.swift in Sources */,
				C504C9C4274175E4002D4E6A /* ComputeEDT.metal in Sources */,
				C572BD372741656000FF010D /* ProteinFileInfo.swift in Sources */,
				C572BD352741653E00FF010D /* ImportFiles.swift in Sources */,
				C572BD3C2741658D00FF010D /* ProteinRenderer.swift in Sources */,
				C572BD422741660400FF010D /* ImportDroppedFilesDelegate.swift in Sources */,
				C572BD40274165F500FF010D /* Camera.swift in Sources */,
				C572BD2B274160C900FF010D /* ThumbnailProvider.swift in Sources */,
				C572BD3B2741658700FF010D /* ProteinMath.swift in Sources */,
				C504C9C2274175DF002D4E6A /* CreateSASPoints.metal in Sources */,
				C504C9C3274175E2002D4E6A /* RemovePoints.metal in Sources */,
				C504C9C1274175DD002D4E6A /* ImpostorSphereShader.metal in Sources */,
				C504C9BC27416C78002D4E6A /* ProteinMetalViewController.swift in Sources */,
				C504C9BE274175D5002D4E6A /* CreateAtomMesh.metal in Sources */,
			);
			runOnlyForDeploymentPostprocessing = 0;
		};
/* End PBXSourcesBuildPhase section */

/* Begin PBXTargetDependency section */
		C44FC0812641AF1E00459E01 /* PBXTargetDependency */ = {
			isa = PBXTargetDependency;
			target = C44FC06D2641AF1B00459E01 /* BioViewer */;
			targetProxy = C44FC0802641AF1E00459E01 /* PBXContainerItemProxy */;
		};
		C44FC08C2641AF1E00459E01 /* PBXTargetDependency */ = {
			isa = PBXTargetDependency;
			target = C44FC06D2641AF1B00459E01 /* BioViewer */;
			targetProxy = C44FC08B2641AF1E00459E01 /* PBXContainerItemProxy */;
		};
		C572BD2E274160C900FF010D /* PBXTargetDependency */ = {
			isa = PBXTargetDependency;
			target = C572BD24274160C900FF010D /* ProteinThumbnail */;
			targetProxy = C572BD2D274160C900FF010D /* PBXContainerItemProxy */;
		};
/* End PBXTargetDependency section */

/* Begin PBXVariantGroup section */
		C57303F6273022B300D5B0A6 /* Localizable.strings */ = {
			isa = PBXVariantGroup;
			children = (
				C57303F5273022B300D5B0A6 /* en */,
				C57303F7273022F500D5B0A6 /* es */,
			);
			name = Localizable.strings;
			sourceTree = "<group>";
		};
/* End PBXVariantGroup section */

/* Begin XCBuildConfiguration section */
		C44FC0912641AF1E00459E01 /* Debug */ = {
			isa = XCBuildConfiguration;
			buildSettings = {
				ALWAYS_SEARCH_USER_PATHS = NO;
				CLANG_ANALYZER_LOCALIZABILITY_NONLOCALIZED = YES;
				CLANG_ANALYZER_NONNULL = YES;
				CLANG_ANALYZER_NUMBER_OBJECT_CONVERSION = YES_AGGRESSIVE;
				CLANG_CXX_LANGUAGE_STANDARD = "gnu++14";
				CLANG_CXX_LIBRARY = "libc++";
				CLANG_ENABLE_MODULES = YES;
				CLANG_ENABLE_OBJC_ARC = YES;
				CLANG_ENABLE_OBJC_WEAK = YES;
				CLANG_WARN_BLOCK_CAPTURE_AUTORELEASING = YES;
				CLANG_WARN_BOOL_CONVERSION = YES;
				CLANG_WARN_COMMA = YES;
				CLANG_WARN_CONSTANT_CONVERSION = YES;
				CLANG_WARN_DEPRECATED_OBJC_IMPLEMENTATIONS = YES;
				CLANG_WARN_DIRECT_OBJC_ISA_USAGE = YES_ERROR;
				CLANG_WARN_DOCUMENTATION_COMMENTS = YES;
				CLANG_WARN_EMPTY_BODY = YES;
				CLANG_WARN_ENUM_CONVERSION = YES;
				CLANG_WARN_INFINITE_RECURSION = YES;
				CLANG_WARN_INT_CONVERSION = YES;
				CLANG_WARN_NON_LITERAL_NULL_CONVERSION = YES;
				CLANG_WARN_OBJC_IMPLICIT_RETAIN_SELF = YES;
				CLANG_WARN_OBJC_LITERAL_CONVERSION = YES;
				CLANG_WARN_OBJC_ROOT_CLASS = YES_ERROR;
				CLANG_WARN_QUOTED_INCLUDE_IN_FRAMEWORK_HEADER = YES;
				CLANG_WARN_RANGE_LOOP_ANALYSIS = YES;
				CLANG_WARN_STRICT_PROTOTYPES = YES;
				CLANG_WARN_SUSPICIOUS_MOVE = YES;
				CLANG_WARN_UNGUARDED_AVAILABILITY = YES_AGGRESSIVE;
				CLANG_WARN_UNREACHABLE_CODE = YES;
				CLANG_WARN__DUPLICATE_METHOD_MATCH = YES;
				COPY_PHASE_STRIP = NO;
				DEBUG_INFORMATION_FORMAT = dwarf;
				ENABLE_STRICT_OBJC_MSGSEND = YES;
				ENABLE_TESTABILITY = YES;
				GCC_C_LANGUAGE_STANDARD = gnu11;
				GCC_DYNAMIC_NO_PIC = NO;
				GCC_NO_COMMON_BLOCKS = YES;
				GCC_OPTIMIZATION_LEVEL = 0;
				GCC_PREPROCESSOR_DEFINITIONS = (
					"DEBUG=1",
					"$(inherited)",
				);
				GCC_WARN_64_TO_32_BIT_CONVERSION = YES;
				GCC_WARN_ABOUT_RETURN_TYPE = YES_ERROR;
				GCC_WARN_UNDECLARED_SELECTOR = YES;
				GCC_WARN_UNINITIALIZED_AUTOS = YES_AGGRESSIVE;
				GCC_WARN_UNUSED_FUNCTION = YES;
				GCC_WARN_UNUSED_VARIABLE = YES;
				IPHONEOS_DEPLOYMENT_TARGET = 14.5;
				MTL_ENABLE_DEBUG_INFO = INCLUDE_SOURCE;
				MTL_FAST_MATH = YES;
				ONLY_ACTIVE_ARCH = YES;
				SDKROOT = iphoneos;
				SWIFT_ACTIVE_COMPILATION_CONDITIONS = DEBUG;
				SWIFT_OPTIMIZATION_LEVEL = "-Onone";
			};
			name = Debug;
		};
		C44FC0922641AF1E00459E01 /* Release */ = {
			isa = XCBuildConfiguration;
			buildSettings = {
				ALWAYS_SEARCH_USER_PATHS = NO;
				CLANG_ANALYZER_LOCALIZABILITY_NONLOCALIZED = YES;
				CLANG_ANALYZER_NONNULL = YES;
				CLANG_ANALYZER_NUMBER_OBJECT_CONVERSION = YES_AGGRESSIVE;
				CLANG_CXX_LANGUAGE_STANDARD = "gnu++14";
				CLANG_CXX_LIBRARY = "libc++";
				CLANG_ENABLE_MODULES = YES;
				CLANG_ENABLE_OBJC_ARC = YES;
				CLANG_ENABLE_OBJC_WEAK = YES;
				CLANG_WARN_BLOCK_CAPTURE_AUTORELEASING = YES;
				CLANG_WARN_BOOL_CONVERSION = YES;
				CLANG_WARN_COMMA = YES;
				CLANG_WARN_CONSTANT_CONVERSION = YES;
				CLANG_WARN_DEPRECATED_OBJC_IMPLEMENTATIONS = YES;
				CLANG_WARN_DIRECT_OBJC_ISA_USAGE = YES_ERROR;
				CLANG_WARN_DOCUMENTATION_COMMENTS = YES;
				CLANG_WARN_EMPTY_BODY = YES;
				CLANG_WARN_ENUM_CONVERSION = YES;
				CLANG_WARN_INFINITE_RECURSION = YES;
				CLANG_WARN_INT_CONVERSION = YES;
				CLANG_WARN_NON_LITERAL_NULL_CONVERSION = YES;
				CLANG_WARN_OBJC_IMPLICIT_RETAIN_SELF = YES;
				CLANG_WARN_OBJC_LITERAL_CONVERSION = YES;
				CLANG_WARN_OBJC_ROOT_CLASS = YES_ERROR;
				CLANG_WARN_QUOTED_INCLUDE_IN_FRAMEWORK_HEADER = YES;
				CLANG_WARN_RANGE_LOOP_ANALYSIS = YES;
				CLANG_WARN_STRICT_PROTOTYPES = YES;
				CLANG_WARN_SUSPICIOUS_MOVE = YES;
				CLANG_WARN_UNGUARDED_AVAILABILITY = YES_AGGRESSIVE;
				CLANG_WARN_UNREACHABLE_CODE = YES;
				CLANG_WARN__DUPLICATE_METHOD_MATCH = YES;
				COPY_PHASE_STRIP = NO;
				DEBUG_INFORMATION_FORMAT = "dwarf-with-dsym";
				ENABLE_NS_ASSERTIONS = NO;
				ENABLE_STRICT_OBJC_MSGSEND = YES;
				GCC_C_LANGUAGE_STANDARD = gnu11;
				GCC_NO_COMMON_BLOCKS = YES;
				GCC_WARN_64_TO_32_BIT_CONVERSION = YES;
				GCC_WARN_ABOUT_RETURN_TYPE = YES_ERROR;
				GCC_WARN_UNDECLARED_SELECTOR = YES;
				GCC_WARN_UNINITIALIZED_AUTOS = YES_AGGRESSIVE;
				GCC_WARN_UNUSED_FUNCTION = YES;
				GCC_WARN_UNUSED_VARIABLE = YES;
				IPHONEOS_DEPLOYMENT_TARGET = 14.5;
				MTL_ENABLE_DEBUG_INFO = NO;
				MTL_FAST_MATH = YES;
				SDKROOT = iphoneos;
				SWIFT_COMPILATION_MODE = wholemodule;
				SWIFT_OPTIMIZATION_LEVEL = "-O";
				VALIDATE_PRODUCT = YES;
			};
			name = Release;
		};
		C44FC0942641AF1E00459E01 /* Debug */ = {
			isa = XCBuildConfiguration;
			buildSettings = {
				ALWAYS_EMBED_SWIFT_STANDARD_LIBRARIES = YES;
				ASSETCATALOG_COMPILER_APPICON_NAME = AppIcon;
				ASSETCATALOG_COMPILER_GLOBAL_ACCENT_COLOR_NAME = AccentColor;
				CLANG_ENABLE_MODULES = YES;
				CODE_SIGN_ENTITLEMENTS = BioViewer/BioViewer.entitlements;
				CODE_SIGN_IDENTITY = "Apple Development";
				"CODE_SIGN_IDENTITY[sdk=macosx*]" = "-";
				CODE_SIGN_STYLE = Automatic;
				CURRENT_PROJECT_VERSION = 2;
				DEVELOPMENT_ASSET_PATHS = "\"BioViewer/Preview Content\"";
				DEVELOPMENT_TEAM = 4ND4CZC2FK;
				ENABLE_PREVIEWS = YES;
				INFOPLIST_FILE = BioViewer/Info.plist;
				IPHONEOS_DEPLOYMENT_TARGET = 15.0;
				LD_RUNPATH_SEARCH_PATHS = (
					"$(inherited)",
					"@executable_path/Frameworks",
				);
				"OTHER_CODE_SIGN_FLAGS[sdk=*]" = "--deep";
				PRODUCT_BUNDLE_IDENTIFIER = com.raulmonton.bioviewer;
				PRODUCT_NAME = "$(TARGET_NAME)";
				PROVISIONING_PROFILE_SPECIFIER = "";
				"PROVISIONING_PROFILE_SPECIFIER[sdk=macosx*]" = "";
				SUPPORTS_MACCATALYST = YES;
				SWIFT_OBJC_BRIDGING_HEADER = "BioViewer/BioViewer-Bridging-Header.h";
				SWIFT_OPTIMIZATION_LEVEL = "-Onone";
				SWIFT_VERSION = 5.0;
				TARGETED_DEVICE_FAMILY = "1,2,6";
			};
			name = Debug;
		};
		C44FC0952641AF1E00459E01 /* Release */ = {
			isa = XCBuildConfiguration;
			buildSettings = {
				ALWAYS_EMBED_SWIFT_STANDARD_LIBRARIES = YES;
				ASSETCATALOG_COMPILER_APPICON_NAME = AppIcon;
				ASSETCATALOG_COMPILER_GLOBAL_ACCENT_COLOR_NAME = AccentColor;
				CLANG_ENABLE_MODULES = YES;
				CODE_SIGN_ENTITLEMENTS = BioViewer/BioViewer.entitlements;
				CODE_SIGN_IDENTITY = "Apple Development";
				"CODE_SIGN_IDENTITY[sdk=macosx*]" = "-";
				CODE_SIGN_STYLE = Automatic;
				CURRENT_PROJECT_VERSION = 2;
				DEVELOPMENT_ASSET_PATHS = "\"BioViewer/Preview Content\"";
				DEVELOPMENT_TEAM = 4ND4CZC2FK;
				ENABLE_PREVIEWS = YES;
				INFOPLIST_FILE = BioViewer/Info.plist;
				IPHONEOS_DEPLOYMENT_TARGET = 15.0;
				LD_RUNPATH_SEARCH_PATHS = (
					"$(inherited)",
					"@executable_path/Frameworks",
				);
				"OTHER_CODE_SIGN_FLAGS[sdk=*]" = "--deep";
				PRODUCT_BUNDLE_IDENTIFIER = com.raulmonton.bioviewer;
				PRODUCT_NAME = "$(TARGET_NAME)";
				PROVISIONING_PROFILE_SPECIFIER = "";
				"PROVISIONING_PROFILE_SPECIFIER[sdk=macosx*]" = "";
				SUPPORTS_MACCATALYST = YES;
				SWIFT_OBJC_BRIDGING_HEADER = "BioViewer/BioViewer-Bridging-Header.h";
				SWIFT_VERSION = 5.0;
				TARGETED_DEVICE_FAMILY = "1,2,6";
			};
			name = Release;
		};
		C44FC0972641AF1E00459E01 /* Debug */ = {
			isa = XCBuildConfiguration;
			buildSettings = {
				ALWAYS_EMBED_SWIFT_STANDARD_LIBRARIES = YES;
				BUNDLE_LOADER = "$(TEST_HOST)";
				CODE_SIGN_STYLE = Automatic;
				DEVELOPMENT_TEAM = 4ND4CZC2FK;
				INFOPLIST_FILE = BioViewerTests/Info.plist;
				IPHONEOS_DEPLOYMENT_TARGET = 14.0;
				LD_RUNPATH_SEARCH_PATHS = (
					"$(inherited)",
					"@executable_path/Frameworks",
					"@loader_path/Frameworks",
				);
				MACOSX_DEPLOYMENT_TARGET = 11.0;
				PRODUCT_BUNDLE_IDENTIFIER = "com.raulmonton.PDB-ViewerTests";
				PRODUCT_NAME = "$(TARGET_NAME)";
				SWIFT_VERSION = 5.0;
				TARGETED_DEVICE_FAMILY = "1,2";
				TEST_HOST = "$(BUILT_PRODUCTS_DIR)/BioViewer.app/BioViewer";
			};
			name = Debug;
		};
		C44FC0982641AF1E00459E01 /* Release */ = {
			isa = XCBuildConfiguration;
			buildSettings = {
				ALWAYS_EMBED_SWIFT_STANDARD_LIBRARIES = YES;
				BUNDLE_LOADER = "$(TEST_HOST)";
				CODE_SIGN_STYLE = Automatic;
				DEVELOPMENT_TEAM = 4ND4CZC2FK;
				INFOPLIST_FILE = BioViewerTests/Info.plist;
				IPHONEOS_DEPLOYMENT_TARGET = 14.0;
				LD_RUNPATH_SEARCH_PATHS = (
					"$(inherited)",
					"@executable_path/Frameworks",
					"@loader_path/Frameworks",
				);
				MACOSX_DEPLOYMENT_TARGET = 11.0;
				PRODUCT_BUNDLE_IDENTIFIER = "com.raulmonton.PDB-ViewerTests";
				PRODUCT_NAME = "$(TARGET_NAME)";
				SWIFT_VERSION = 5.0;
				TARGETED_DEVICE_FAMILY = "1,2";
				TEST_HOST = "$(BUILT_PRODUCTS_DIR)/BioViewer.app/BioViewer";
			};
			name = Release;
		};
		C44FC09A2641AF1E00459E01 /* Debug */ = {
			isa = XCBuildConfiguration;
			buildSettings = {
				ALWAYS_EMBED_SWIFT_STANDARD_LIBRARIES = YES;
				CODE_SIGN_STYLE = Automatic;
				DEVELOPMENT_TEAM = 4ND4CZC2FK;
				INFOPLIST_FILE = BioViewerUITests/Info.plist;
				LD_RUNPATH_SEARCH_PATHS = (
					"$(inherited)",
					"@executable_path/Frameworks",
					"@loader_path/Frameworks",
				);
				PRODUCT_BUNDLE_IDENTIFIER = "com.raulmonton.PDB-ViewerUITests";
				PRODUCT_NAME = "$(TARGET_NAME)";
				SWIFT_VERSION = 5.0;
				TARGETED_DEVICE_FAMILY = "1,2";
				TEST_TARGET_NAME = BioViewer;
			};
			name = Debug;
		};
		C44FC09B2641AF1E00459E01 /* Release */ = {
			isa = XCBuildConfiguration;
			buildSettings = {
				ALWAYS_EMBED_SWIFT_STANDARD_LIBRARIES = YES;
				CODE_SIGN_STYLE = Automatic;
				DEVELOPMENT_TEAM = 4ND4CZC2FK;
				INFOPLIST_FILE = BioViewerUITests/Info.plist;
				LD_RUNPATH_SEARCH_PATHS = (
					"$(inherited)",
					"@executable_path/Frameworks",
					"@loader_path/Frameworks",
				);
				PRODUCT_BUNDLE_IDENTIFIER = "com.raulmonton.PDB-ViewerUITests";
				PRODUCT_NAME = "$(TARGET_NAME)";
				SWIFT_VERSION = 5.0;
				TARGETED_DEVICE_FAMILY = "1,2";
				TEST_TARGET_NAME = BioViewer;
			};
			name = Release;
		};
		C572BD32274160C900FF010D /* Debug */ = {
			isa = XCBuildConfiguration;
			buildSettings = {
				CLANG_CXX_LANGUAGE_STANDARD = "gnu++17";
				CODE_SIGN_ENTITLEMENTS = ProteinThumbnail/ProteinThumbnail.entitlements;
				CODE_SIGN_IDENTITY = "Apple Development";
				"CODE_SIGN_IDENTITY[sdk=macosx*]" = "-";
				CODE_SIGN_STYLE = Automatic;
				CURRENT_PROJECT_VERSION = 1;
				DEVELOPMENT_TEAM = 4ND4CZC2FK;
				GENERATE_INFOPLIST_FILE = YES;
				INFOPLIST_FILE = ProteinThumbnail/Info.plist;
				INFOPLIST_KEY_CFBundleDisplayName = ProteinThumbnail;
				INFOPLIST_KEY_NSHumanReadableCopyright = "";
				IPHONEOS_DEPLOYMENT_TARGET = 15.0;
				LD_RUNPATH_SEARCH_PATHS = (
					"$(inherited)",
					"@executable_path/Frameworks",
					"@executable_path/../../Frameworks",
				);
				MARKETING_VERSION = 1.0;
				PRODUCT_BUNDLE_IDENTIFIER = com.raulmonton.bioviewer.ProteinThumbnail;
				PRODUCT_NAME = "$(TARGET_NAME)";
				SKIP_INSTALL = YES;
				SUPPORTS_MACCATALYST = YES;
				SWIFT_EMIT_LOC_STRINGS = YES;
				SWIFT_OBJC_BRIDGING_HEADER = "BioViewer/BioViewer-Bridging-Header.h";
				SWIFT_VERSION = 5.0;
				TARGETED_DEVICE_FAMILY = "1,2";
			};
			name = Debug;
		};
		C572BD33274160C900FF010D /* Release */ = {
			isa = XCBuildConfiguration;
			buildSettings = {
				CLANG_CXX_LANGUAGE_STANDARD = "gnu++17";
				CODE_SIGN_ENTITLEMENTS = ProteinThumbnail/ProteinThumbnail.entitlements;
				CODE_SIGN_IDENTITY = "Apple Development";
				"CODE_SIGN_IDENTITY[sdk=macosx*]" = "-";
				CODE_SIGN_STYLE = Automatic;
				CURRENT_PROJECT_VERSION = 1;
				DEVELOPMENT_TEAM = 4ND4CZC2FK;
				GENERATE_INFOPLIST_FILE = YES;
				INFOPLIST_FILE = ProteinThumbnail/Info.plist;
				INFOPLIST_KEY_CFBundleDisplayName = ProteinThumbnail;
				INFOPLIST_KEY_NSHumanReadableCopyright = "";
				IPHONEOS_DEPLOYMENT_TARGET = 15.0;
				LD_RUNPATH_SEARCH_PATHS = (
					"$(inherited)",
					"@executable_path/Frameworks",
					"@executable_path/../../Frameworks",
				);
				MARKETING_VERSION = 1.0;
				PRODUCT_BUNDLE_IDENTIFIER = com.raulmonton.bioviewer.ProteinThumbnail;
				PRODUCT_NAME = "$(TARGET_NAME)";
				SKIP_INSTALL = YES;
				SUPPORTS_MACCATALYST = YES;
				SWIFT_EMIT_LOC_STRINGS = YES;
				SWIFT_OBJC_BRIDGING_HEADER = "BioViewer/BioViewer-Bridging-Header.h";
				SWIFT_VERSION = 5.0;
				TARGETED_DEVICE_FAMILY = "1,2";
			};
			name = Release;
		};
/* End XCBuildConfiguration section */

/* Begin XCConfigurationList section */
		C44FC0692641AF1B00459E01 /* Build configuration list for PBXProject "BioViewer" */ = {
			isa = XCConfigurationList;
			buildConfigurations = (
				C44FC0912641AF1E00459E01 /* Debug */,
				C44FC0922641AF1E00459E01 /* Release */,
			);
			defaultConfigurationIsVisible = 0;
			defaultConfigurationName = Release;
		};
		C44FC0932641AF1E00459E01 /* Build configuration list for PBXNativeTarget "BioViewer" */ = {
			isa = XCConfigurationList;
			buildConfigurations = (
				C44FC0942641AF1E00459E01 /* Debug */,
				C44FC0952641AF1E00459E01 /* Release */,
			);
			defaultConfigurationIsVisible = 0;
			defaultConfigurationName = Release;
		};
		C44FC0962641AF1E00459E01 /* Build configuration list for PBXNativeTarget "BioViewerTests" */ = {
			isa = XCConfigurationList;
			buildConfigurations = (
				C44FC0972641AF1E00459E01 /* Debug */,
				C44FC0982641AF1E00459E01 /* Release */,
			);
			defaultConfigurationIsVisible = 0;
			defaultConfigurationName = Release;
		};
		C44FC0992641AF1E00459E01 /* Build configuration list for PBXNativeTarget "BioViewerUITests" */ = {
			isa = XCConfigurationList;
			buildConfigurations = (
				C44FC09A2641AF1E00459E01 /* Debug */,
				C44FC09B2641AF1E00459E01 /* Release */,
			);
			defaultConfigurationIsVisible = 0;
			defaultConfigurationName = Release;
		};
		C572BD31274160C900FF010D /* Build configuration list for PBXNativeTarget "ProteinThumbnail" */ = {
			isa = XCConfigurationList;
			buildConfigurations = (
				C572BD32274160C900FF010D /* Debug */,
				C572BD33274160C900FF010D /* Release */,
			);
			defaultConfigurationIsVisible = 0;
			defaultConfigurationName = Release;
		};
/* End XCConfigurationList section */
	};
	rootObject = C44FC0662641AF1B00459E01 /* Project object */;
}
