// !$*UTF8*$!
{
	archiveVersion = 1;
	classes = {
	};
	objectVersion = 50;
	objects = {

/* Begin PBXBuildFile section */
		C4187E332642E0C2009E2CBA /* MainView.swift in Sources */ = {isa = PBXBuildFile; fileRef = C4187E322642E0C2009E2CBA /* MainView.swift */; };
		C4187E362642FA7A009E2CBA /* ImportDroppedFilesDelegate.swift in Sources */ = {isa = PBXBuildFile; fileRef = C4187E352642FA7A009E2CBA /* ImportDroppedFilesDelegate.swift */; };
		C418BAFC2645A8C20031C6F0 /* ProteinMath.swift in Sources */ = {isa = PBXBuildFile; fileRef = C418BAFB2645A8C20031C6F0 /* ProteinMath.swift */; };
		C418BAFE2645B1210031C6F0 /* AtomType.swift in Sources */ = {isa = PBXBuildFile; fileRef = C418BAFD2645B1210031C6F0 /* AtomType.swift */; };
		C440856026470A0700DC5009 /* SequenceView.swift in Sources */ = {isa = PBXBuildFile; fileRef = C440855F26470A0700DC5009 /* SequenceView.swift */; };
		C44085652647155C00DC5009 /* SequenceRow.swift in Sources */ = {isa = PBXBuildFile; fileRef = C44085642647155C00DC5009 /* SequenceRow.swift */; };
		C44085672647ECE500DC5009 /* ProteinSidebar.swift in Sources */ = {isa = PBXBuildFile; fileRef = C44085662647ECE500DC5009 /* ProteinSidebar.swift */; };
		C440856A2648008500DC5009 /* FileSegmentProtein.swift in Sources */ = {isa = PBXBuildFile; fileRef = C44085692648008500DC5009 /* FileSegmentProtein.swift */; };
		C440856C26481E0300DC5009 /* ProteinSequenceView.swift in Sources */ = {isa = PBXBuildFile; fileRef = C440856B26481E0300DC5009 /* ProteinSequenceView.swift */; };
		C440856F2648200500DC5009 /* VisualEffectView.swift in Sources */ = {isa = PBXBuildFile; fileRef = C440856E2648200500DC5009 /* VisualEffectView.swift */; };
		C44FC0722641AF1B00459E01 /* BioViewerApp.swift in Sources */ = {isa = PBXBuildFile; fileRef = C44FC0712641AF1B00459E01 /* BioViewerApp.swift */; };
		C44FC0742641AF1B00459E01 /* ProteinView.swift in Sources */ = {isa = PBXBuildFile; fileRef = C44FC0732641AF1B00459E01 /* ProteinView.swift */; };
		C44FC0762641AF1E00459E01 /* Assets.xcassets in Resources */ = {isa = PBXBuildFile; fileRef = C44FC0752641AF1E00459E01 /* Assets.xcassets */; };
		C44FC0792641AF1E00459E01 /* Preview Assets.xcassets in Resources */ = {isa = PBXBuildFile; fileRef = C44FC0782641AF1E00459E01 /* Preview Assets.xcassets */; };
		C44FC0842641AF1E00459E01 /* BioViewerTests.swift in Sources */ = {isa = PBXBuildFile; fileRef = C44FC0832641AF1E00459E01 /* BioViewerTests.swift */; };
		C44FC08F2641AF1E00459E01 /* BioViewerUITests.swift in Sources */ = {isa = PBXBuildFile; fileRef = C44FC08E2641AF1E00459E01 /* BioViewerUITests.swift */; };
		C45BAC402648A93500B36026 /* AppearanceSegmentProtein.swift in Sources */ = {isa = PBXBuildFile; fileRef = C45BAC3F2648A93500B36026 /* AppearanceSegmentProtein.swift */; };
		C45BAC432649550C00B36026 /* ColorPickerRow.swift in Sources */ = {isa = PBXBuildFile; fileRef = C45BAC422649550C00B36026 /* ColorPickerRow.swift */; };
		C483DC782641B82B009036A2 /* art.scnassets in Resources */ = {isa = PBXBuildFile; fileRef = C483DC772641B82B009036A2 /* art.scnassets */; };
		C4B1F81D2644B0210035D739 /* ProteinViewSceneDelegate.swift in Sources */ = {isa = PBXBuildFile; fileRef = C4B1F81C2644B0210035D739 /* ProteinViewSceneDelegate.swift */; };
		C4B1F81F26457CF80035D739 /* LoadingProtein.swift in Sources */ = {isa = PBXBuildFile; fileRef = C4B1F81E26457CF80035D739 /* LoadingProtein.swift */; };
/* End PBXBuildFile section */

/* Begin PBXContainerItemProxy section */
		C44FC0802641AF1E00459E01 /* PBXContainerItemProxy */ = {
			isa = PBXContainerItemProxy;
			containerPortal = C44FC0662641AF1B00459E01 /* Project object */;
			proxyType = 1;
			remoteGlobalIDString = C44FC06D2641AF1B00459E01;
			remoteInfo = "PDB Viewer";
		};
		C44FC08B2641AF1E00459E01 /* PBXContainerItemProxy */ = {
			isa = PBXContainerItemProxy;
			containerPortal = C44FC0662641AF1B00459E01 /* Project object */;
			proxyType = 1;
			remoteGlobalIDString = C44FC06D2641AF1B00459E01;
			remoteInfo = "PDB Viewer";
		};
/* End PBXContainerItemProxy section */

/* Begin PBXFileReference section */
		C4187E322642E0C2009E2CBA /* MainView.swift */ = {isa = PBXFileReference; lastKnownFileType = sourcecode.swift; path = MainView.swift; sourceTree = "<group>"; };
		C4187E352642FA7A009E2CBA /* ImportDroppedFilesDelegate.swift */ = {isa = PBXFileReference; lastKnownFileType = sourcecode.swift; name = ImportDroppedFilesDelegate.swift; path = BioViewer/Delegates/ImportDroppedFilesDelegate.swift; sourceTree = SOURCE_ROOT; };
		C418BAFB2645A8C20031C6F0 /* ProteinMath.swift */ = {isa = PBXFileReference; lastKnownFileType = sourcecode.swift; path = ProteinMath.swift; sourceTree = "<group>"; };
		C418BAFD2645B1210031C6F0 /* AtomType.swift */ = {isa = PBXFileReference; lastKnownFileType = sourcecode.swift; path = AtomType.swift; sourceTree = "<group>"; };
		C440855F26470A0700DC5009 /* SequenceView.swift */ = {isa = PBXFileReference; lastKnownFileType = sourcecode.swift; path = SequenceView.swift; sourceTree = "<group>"; };
		C44085642647155C00DC5009 /* SequenceRow.swift */ = {isa = PBXFileReference; lastKnownFileType = sourcecode.swift; path = SequenceRow.swift; sourceTree = "<group>"; };
		C44085662647ECE500DC5009 /* ProteinSidebar.swift */ = {isa = PBXFileReference; lastKnownFileType = sourcecode.swift; path = ProteinSidebar.swift; sourceTree = "<group>"; };
		C44085692648008500DC5009 /* FileSegmentProtein.swift */ = {isa = PBXFileReference; lastKnownFileType = sourcecode.swift; path = FileSegmentProtein.swift; sourceTree = "<group>"; };
		C440856B26481E0300DC5009 /* ProteinSequenceView.swift */ = {isa = PBXFileReference; lastKnownFileType = sourcecode.swift; name = ProteinSequenceView.swift; path = BioViewer/Views/ProteinViews/ProteinSequenceView.swift; sourceTree = SOURCE_ROOT; };
		C440856E2648200500DC5009 /* VisualEffectView.swift */ = {isa = PBXFileReference; lastKnownFileType = sourcecode.swift; path = VisualEffectView.swift; sourceTree = "<group>"; };
		C44FC06E2641AF1B00459E01 /* BioViewer.app */ = {isa = PBXFileReference; explicitFileType = wrapper.application; includeInIndex = 0; path = BioViewer.app; sourceTree = BUILT_PRODUCTS_DIR; };
		C44FC0712641AF1B00459E01 /* BioViewerApp.swift */ = {isa = PBXFileReference; lastKnownFileType = sourcecode.swift; path = BioViewerApp.swift; sourceTree = "<group>"; };
		C44FC0732641AF1B00459E01 /* ProteinView.swift */ = {isa = PBXFileReference; lastKnownFileType = sourcecode.swift; path = ProteinView.swift; sourceTree = "<group>"; };
		C44FC0752641AF1E00459E01 /* Assets.xcassets */ = {isa = PBXFileReference; lastKnownFileType = folder.assetcatalog; path = Assets.xcassets; sourceTree = "<group>"; };
		C44FC0782641AF1E00459E01 /* Preview Assets.xcassets */ = {isa = PBXFileReference; lastKnownFileType = folder.assetcatalog; path = "Preview Assets.xcassets"; sourceTree = "<group>"; };
		C44FC07A2641AF1E00459E01 /* Info.plist */ = {isa = PBXFileReference; lastKnownFileType = text.plist.xml; path = Info.plist; sourceTree = "<group>"; };
		C44FC07F2641AF1E00459E01 /* BioViewerTests.xctest */ = {isa = PBXFileReference; explicitFileType = wrapper.cfbundle; includeInIndex = 0; path = BioViewerTests.xctest; sourceTree = BUILT_PRODUCTS_DIR; };
		C44FC0832641AF1E00459E01 /* BioViewerTests.swift */ = {isa = PBXFileReference; lastKnownFileType = sourcecode.swift; path = BioViewerTests.swift; sourceTree = "<group>"; };
		C44FC0852641AF1E00459E01 /* Info.plist */ = {isa = PBXFileReference; lastKnownFileType = text.plist.xml; path = Info.plist; sourceTree = "<group>"; };
		C44FC08A2641AF1E00459E01 /* BioViewerUITests.xctest */ = {isa = PBXFileReference; explicitFileType = wrapper.cfbundle; includeInIndex = 0; path = BioViewerUITests.xctest; sourceTree = BUILT_PRODUCTS_DIR; };
		C44FC08E2641AF1E00459E01 /* BioViewerUITests.swift */ = {isa = PBXFileReference; lastKnownFileType = sourcecode.swift; path = BioViewerUITests.swift; sourceTree = "<group>"; };
		C44FC0902641AF1E00459E01 /* Info.plist */ = {isa = PBXFileReference; lastKnownFileType = text.plist.xml; path = Info.plist; sourceTree = "<group>"; };
		C44FC09E2641B0A200459E01 /* BioViewer.entitlements */ = {isa = PBXFileReference; lastKnownFileType = text.plist.entitlements; path = BioViewer.entitlements; sourceTree = "<group>"; };
		C45BAC3F2648A93500B36026 /* AppearanceSegmentProtein.swift */ = {isa = PBXFileReference; lastKnownFileType = sourcecode.swift; path = AppearanceSegmentProtein.swift; sourceTree = "<group>"; };
		C45BAC422649550C00B36026 /* ColorPickerRow.swift */ = {isa = PBXFileReference; lastKnownFileType = sourcecode.swift; path = ColorPickerRow.swift; sourceTree = "<group>"; };
		C483DC772641B82B009036A2 /* art.scnassets */ = {isa = PBXFileReference; lastKnownFileType = wrapper.scnassets; path = art.scnassets; sourceTree = "<group>"; };
		C4B1F81C2644B0210035D739 /* ProteinViewSceneDelegate.swift */ = {isa = PBXFileReference; lastKnownFileType = sourcecode.swift; path = ProteinViewSceneDelegate.swift; sourceTree = "<group>"; };
		C4B1F81E26457CF80035D739 /* LoadingProtein.swift */ = {isa = PBXFileReference; lastKnownFileType = sourcecode.swift; path = LoadingProtein.swift; sourceTree = "<group>"; };
/* End PBXFileReference section */

/* Begin PBXFrameworksBuildPhase section */
		C44FC06B2641AF1B00459E01 /* Frameworks */ = {
			isa = PBXFrameworksBuildPhase;
			buildActionMask = 2147483647;
			files = (
			);
			runOnlyForDeploymentPostprocessing = 0;
		};
		C44FC07C2641AF1E00459E01 /* Frameworks */ = {
			isa = PBXFrameworksBuildPhase;
			buildActionMask = 2147483647;
			files = (
			);
			runOnlyForDeploymentPostprocessing = 0;
		};
		C44FC0872641AF1E00459E01 /* Frameworks */ = {
			isa = PBXFrameworksBuildPhase;
			buildActionMask = 2147483647;
			files = (
			);
			runOnlyForDeploymentPostprocessing = 0;
		};
/* End PBXFrameworksBuildPhase section */

/* Begin PBXGroup section */
		C4187E342642E0CA009E2CBA /* Views */ = {
			isa = PBXGroup;
			children = (
				C4187E322642E0C2009E2CBA /* MainView.swift */,
				C44085632647153200DC5009 /* ProteinViews */,
				C44085612647151A00DC5009 /* SequenceViews */,
				C440856D26481FD800DC5009 /* UtilityViews */,
			);
			path = Views;
			sourceTree = "<group>";
		};
		C44085612647151A00DC5009 /* SequenceViews */ = {
			isa = PBXGroup;
			children = (
				C44085622647152500DC5009 /* Rows */,
				C440855F26470A0700DC5009 /* SequenceView.swift */,
			);
			path = SequenceViews;
			sourceTree = "<group>";
		};
		C44085622647152500DC5009 /* Rows */ = {
			isa = PBXGroup;
			children = (
				C44085642647155C00DC5009 /* SequenceRow.swift */,
			);
			path = Rows;
			sourceTree = "<group>";
		};
		C44085632647153200DC5009 /* ProteinViews */ = {
			isa = PBXGroup;
			children = (
				C44085682648007100DC5009 /* Segments */,
				C44FC0732641AF1B00459E01 /* ProteinView.swift */,
				C44085662647ECE500DC5009 /* ProteinSidebar.swift */,
				C440856B26481E0300DC5009 /* ProteinSequenceView.swift */,
			);
			path = ProteinViews;
			sourceTree = "<group>";
		};
		C44085682648007100DC5009 /* Segments */ = {
			isa = PBXGroup;
			children = (
				C44085692648008500DC5009 /* FileSegmentProtein.swift */,
				C45BAC3F2648A93500B36026 /* AppearanceSegmentProtein.swift */,
			);
			path = Segments;
			sourceTree = "<group>";
		};
		C440856D26481FD800DC5009 /* UtilityViews */ = {
			isa = PBXGroup;
			children = (
				C45BAC41264954FF00B36026 /* Rows */,
				C440856E2648200500DC5009 /* VisualEffectView.swift */,
			);
			path = UtilityViews;
			sourceTree = "<group>";
		};
		C44FC0652641AF1B00459E01 = {
			isa = PBXGroup;
			children = (
				C44FC0702641AF1B00459E01 /* BioViewer */,
				C44FC0822641AF1E00459E01 /* BioViewerTests */,
				C44FC08D2641AF1E00459E01 /* BioViewerUITests */,
				C44FC06F2641AF1B00459E01 /* Products */,
			);
			sourceTree = "<group>";
		};
		C44FC06F2641AF1B00459E01 /* Products */ = {
			isa = PBXGroup;
			children = (
				C44FC06E2641AF1B00459E01 /* BioViewer.app */,
				C44FC07F2641AF1E00459E01 /* BioViewerTests.xctest */,
				C44FC08A2641AF1E00459E01 /* BioViewerUITests.xctest */,
			);
			name = Products;
			sourceTree = "<group>";
		};
		C44FC0702641AF1B00459E01 /* BioViewer */ = {
			isa = PBXGroup;
			children = (
				C44FC09E2641B0A200459E01 /* BioViewer.entitlements */,
				C44FC0712641AF1B00459E01 /* BioViewerApp.swift */,
				C418BAFB2645A8C20031C6F0 /* ProteinMath.swift */,
				C4B1F82126457D1E0035D739 /* Delegates */,
				C4B1F82026457D020035D739 /* Data structures */,
				C4187E342642E0CA009E2CBA /* Views */,
				C44FC0752641AF1E00459E01 /* Assets.xcassets */,
				C483DC772641B82B009036A2 /* art.scnassets */,
				C44FC07A2641AF1E00459E01 /* Info.plist */,
				C44FC0772641AF1E00459E01 /* Preview Content */,
			);
			path = BioViewer;
			sourceTree = "<group>";
		};
		C44FC0772641AF1E00459E01 /* Preview Content */ = {
			isa = PBXGroup;
			children = (
				C44FC0782641AF1E00459E01 /* Preview Assets.xcassets */,
			);
			path = "Preview Content";
			sourceTree = "<group>";
		};
		C44FC0822641AF1E00459E01 /* BioViewerTests */ = {
			isa = PBXGroup;
			children = (
				C44FC0832641AF1E00459E01 /* BioViewerTests.swift */,
				C44FC0852641AF1E00459E01 /* Info.plist */,
			);
			path = BioViewerTests;
			sourceTree = "<group>";
		};
		C44FC08D2641AF1E00459E01 /* BioViewerUITests */ = {
			isa = PBXGroup;
			children = (
				C44FC08E2641AF1E00459E01 /* BioViewerUITests.swift */,
				C44FC0902641AF1E00459E01 /* Info.plist */,
			);
			path = BioViewerUITests;
			sourceTree = "<group>";
		};
		C45BAC41264954FF00B36026 /* Rows */ = {
			isa = PBXGroup;
			children = (
				C45BAC422649550C00B36026 /* ColorPickerRow.swift */,
			);
			path = Rows;
			sourceTree = "<group>";
		};
		C4B1F82026457D020035D739 /* Data structures */ = {
			isa = PBXGroup;
			children = (
				C4B1F81E26457CF80035D739 /* LoadingProtein.swift */,
				C418BAFD2645B1210031C6F0 /* AtomType.swift */,
			);
			path = "Data structures";
			sourceTree = "<group>";
		};
		C4B1F82126457D1E0035D739 /* Delegates */ = {
			isa = PBXGroup;
			children = (
				C4187E352642FA7A009E2CBA /* ImportDroppedFilesDelegate.swift */,
				C4B1F81C2644B0210035D739 /* ProteinViewSceneDelegate.swift */,
			);
			path = Delegates;
			sourceTree = "<group>";
		};
/* End PBXGroup section */

/* Begin PBXNativeTarget section */
		C44FC06D2641AF1B00459E01 /* BioViewer */ = {
			isa = PBXNativeTarget;
			buildConfigurationList = C44FC0932641AF1E00459E01 /* Build configuration list for PBXNativeTarget "BioViewer" */;
			buildPhases = (
				C44FC06A2641AF1B00459E01 /* Sources */,
				C44FC06B2641AF1B00459E01 /* Frameworks */,
				C44FC06C2641AF1B00459E01 /* Resources */,
			);
			buildRules = (
			);
			dependencies = (
			);
			name = BioViewer;
			productName = "PDB Viewer";
			productReference = C44FC06E2641AF1B00459E01 /* BioViewer.app */;
			productType = "com.apple.product-type.application";
		};
		C44FC07E2641AF1E00459E01 /* BioViewerTests */ = {
			isa = PBXNativeTarget;
			buildConfigurationList = C44FC0962641AF1E00459E01 /* Build configuration list for PBXNativeTarget "BioViewerTests" */;
			buildPhases = (
				C44FC07B2641AF1E00459E01 /* Sources */,
				C44FC07C2641AF1E00459E01 /* Frameworks */,
				C44FC07D2641AF1E00459E01 /* Resources */,
			);
			buildRules = (
			);
			dependencies = (
				C44FC0812641AF1E00459E01 /* PBXTargetDependency */,
			);
			name = BioViewerTests;
			productName = "PDB ViewerTests";
			productReference = C44FC07F2641AF1E00459E01 /* BioViewerTests.xctest */;
			productType = "com.apple.product-type.bundle.unit-test";
		};
		C44FC0892641AF1E00459E01 /* BioViewerUITests */ = {
			isa = PBXNativeTarget;
			buildConfigurationList = C44FC0992641AF1E00459E01 /* Build configuration list for PBXNativeTarget "BioViewerUITests" */;
			buildPhases = (
				C44FC0862641AF1E00459E01 /* Sources */,
				C44FC0872641AF1E00459E01 /* Frameworks */,
				C44FC0882641AF1E00459E01 /* Resources */,
			);
			buildRules = (
			);
			dependencies = (
				C44FC08C2641AF1E00459E01 /* PBXTargetDependency */,
			);
			name = BioViewerUITests;
			productName = "PDB ViewerUITests";
			productReference = C44FC08A2641AF1E00459E01 /* BioViewerUITests.xctest */;
			productType = "com.apple.product-type.bundle.ui-testing";
		};
/* End PBXNativeTarget section */

/* Begin PBXProject section */
		C44FC0662641AF1B00459E01 /* Project object */ = {
			isa = PBXProject;
			attributes = {
				LastSwiftUpdateCheck = 1250;
				LastUpgradeCheck = 1250;
				TargetAttributes = {
					C44FC06D2641AF1B00459E01 = {
						CreatedOnToolsVersion = 12.5;
					};
					C44FC07E2641AF1E00459E01 = {
						CreatedOnToolsVersion = 12.5;
						TestTargetID = C44FC06D2641AF1B00459E01;
					};
					C44FC0892641AF1E00459E01 = {
						CreatedOnToolsVersion = 12.5;
						TestTargetID = C44FC06D2641AF1B00459E01;
					};
				};
			};
			buildConfigurationList = C44FC0692641AF1B00459E01 /* Build configuration list for PBXProject "BioViewer" */;
			compatibilityVersion = "Xcode 9.3";
			developmentRegion = en;
			hasScannedForEncodings = 0;
			knownRegions = (
				en,
				Base,
			);
			mainGroup = C44FC0652641AF1B00459E01;
			productRefGroup = C44FC06F2641AF1B00459E01 /* Products */;
			projectDirPath = "";
			projectRoot = "";
			targets = (
				C44FC06D2641AF1B00459E01 /* BioViewer */,
				C44FC07E2641AF1E00459E01 /* BioViewerTests */,
				C44FC0892641AF1E00459E01 /* BioViewerUITests */,
			);
		};
/* End PBXProject section */

/* Begin PBXResourcesBuildPhase section */
		C44FC06C2641AF1B00459E01 /* Resources */ = {
			isa = PBXResourcesBuildPhase;
			buildActionMask = 2147483647;
			files = (
				C44FC0792641AF1E00459E01 /* Preview Assets.xcassets in Resources */,
				C483DC782641B82B009036A2 /* art.scnassets in Resources */,
				C44FC0762641AF1E00459E01 /* Assets.xcassets in Resources */,
			);
			runOnlyForDeploymentPostprocessing = 0;
		};
		C44FC07D2641AF1E00459E01 /* Resources */ = {
			isa = PBXResourcesBuildPhase;
			buildActionMask = 2147483647;
			files = (
			);
			runOnlyForDeploymentPostprocessing = 0;
		};
		C44FC0882641AF1E00459E01 /* Resources */ = {
			isa = PBXResourcesBuildPhase;
			buildActionMask = 2147483647;
			files = (
			);
			runOnlyForDeploymentPostprocessing = 0;
		};
/* End PBXResourcesBuildPhase section */

/* Begin PBXSourcesBuildPhase section */
		C44FC06A2641AF1B00459E01 /* Sources */ = {
			isa = PBXSourcesBuildPhase;
			buildActionMask = 2147483647;
			files = (
				C418BAFC2645A8C20031C6F0 /* ProteinMath.swift in Sources */,
				C4B1F81F26457CF80035D739 /* LoadingProtein.swift in Sources */,
				C440856C26481E0300DC5009 /* ProteinSequenceView.swift in Sources */,
				C440856026470A0700DC5009 /* SequenceView.swift in Sources */,
				C45BAC432649550C00B36026 /* ColorPickerRow.swift in Sources */,
				C44085652647155C00DC5009 /* SequenceRow.swift in Sources */,
				C44FC0742641AF1B00459E01 /* ProteinView.swift in Sources */,
				C44085672647ECE500DC5009 /* ProteinSidebar.swift in Sources */,
				C4187E332642E0C2009E2CBA /* MainView.swift in Sources */,
				C44FC0722641AF1B00459E01 /* BioViewerApp.swift in Sources */,
				C440856F2648200500DC5009 /* VisualEffectView.swift in Sources */,
				C418BAFE2645B1210031C6F0 /* AtomType.swift in Sources */,
				C4B1F81D2644B0210035D739 /* ProteinViewSceneDelegate.swift in Sources */,
				C45BAC402648A93500B36026 /* AppearanceSegmentProtein.swift in Sources */,
				C4187E362642FA7A009E2CBA /* ImportDroppedFilesDelegate.swift in Sources */,
				C440856A2648008500DC5009 /* FileSegmentProtein.swift in Sources */,
			);
			runOnlyForDeploymentPostprocessing = 0;
		};
		C44FC07B2641AF1E00459E01 /* Sources */ = {
			isa = PBXSourcesBuildPhase;
			buildActionMask = 2147483647;
			files = (
				C44FC0842641AF1E00459E01 /* BioViewerTests.swift in Sources */,
			);
			runOnlyForDeploymentPostprocessing = 0;
		};
		C44FC0862641AF1E00459E01 /* Sources */ = {
			isa = PBXSourcesBuildPhase;
			buildActionMask = 2147483647;
			files = (
				C44FC08F2641AF1E00459E01 /* BioViewerUITests.swift in Sources */,
			);
			runOnlyForDeploymentPostprocessing = 0;
		};
/* End PBXSourcesBuildPhase section */

/* Begin PBXTargetDependency section */
		C44FC0812641AF1E00459E01 /* PBXTargetDependency */ = {
			isa = PBXTargetDependency;
			target = C44FC06D2641AF1B00459E01 /* BioViewer */;
			targetProxy = C44FC0802641AF1E00459E01 /* PBXContainerItemProxy */;
		};
		C44FC08C2641AF1E00459E01 /* PBXTargetDependency */ = {
			isa = PBXTargetDependency;
			target = C44FC06D2641AF1B00459E01 /* BioViewer */;
			targetProxy = C44FC08B2641AF1E00459E01 /* PBXContainerItemProxy */;
		};
/* End PBXTargetDependency section */

/* Begin XCBuildConfiguration section */
		C44FC0912641AF1E00459E01 /* Debug */ = {
			isa = XCBuildConfiguration;
			buildSettings = {
				ALWAYS_SEARCH_USER_PATHS = NO;
				CLANG_ANALYZER_NONNULL = YES;
				CLANG_ANALYZER_NUMBER_OBJECT_CONVERSION = YES_AGGRESSIVE;
				CLANG_CXX_LANGUAGE_STANDARD = "gnu++14";
				CLANG_CXX_LIBRARY = "libc++";
				CLANG_ENABLE_MODULES = YES;
				CLANG_ENABLE_OBJC_ARC = YES;
				CLANG_ENABLE_OBJC_WEAK = YES;
				CLANG_WARN_BLOCK_CAPTURE_AUTORELEASING = YES;
				CLANG_WARN_BOOL_CONVERSION = YES;
				CLANG_WARN_COMMA = YES;
				CLANG_WARN_CONSTANT_CONVERSION = YES;
				CLANG_WARN_DEPRECATED_OBJC_IMPLEMENTATIONS = YES;
				CLANG_WARN_DIRECT_OBJC_ISA_USAGE = YES_ERROR;
				CLANG_WARN_DOCUMENTATION_COMMENTS = YES;
				CLANG_WARN_EMPTY_BODY = YES;
				CLANG_WARN_ENUM_CONVERSION = YES;
				CLANG_WARN_INFINITE_RECURSION = YES;
				CLANG_WARN_INT_CONVERSION = YES;
				CLANG_WARN_NON_LITERAL_NULL_CONVERSION = YES;
				CLANG_WARN_OBJC_IMPLICIT_RETAIN_SELF = YES;
				CLANG_WARN_OBJC_LITERAL_CONVERSION = YES;
				CLANG_WARN_OBJC_ROOT_CLASS = YES_ERROR;
				CLANG_WARN_QUOTED_INCLUDE_IN_FRAMEWORK_HEADER = YES;
				CLANG_WARN_RANGE_LOOP_ANALYSIS = YES;
				CLANG_WARN_STRICT_PROTOTYPES = YES;
				CLANG_WARN_SUSPICIOUS_MOVE = YES;
				CLANG_WARN_UNGUARDED_AVAILABILITY = YES_AGGRESSIVE;
				CLANG_WARN_UNREACHABLE_CODE = YES;
				CLANG_WARN__DUPLICATE_METHOD_MATCH = YES;
				COPY_PHASE_STRIP = NO;
				DEBUG_INFORMATION_FORMAT = dwarf;
				ENABLE_STRICT_OBJC_MSGSEND = YES;
				ENABLE_TESTABILITY = YES;
				GCC_C_LANGUAGE_STANDARD = gnu11;
				GCC_DYNAMIC_NO_PIC = NO;
				GCC_NO_COMMON_BLOCKS = YES;
				GCC_OPTIMIZATION_LEVEL = 0;
				GCC_PREPROCESSOR_DEFINITIONS = (
					"DEBUG=1",
					"$(inherited)",
				);
				GCC_WARN_64_TO_32_BIT_CONVERSION = YES;
				GCC_WARN_ABOUT_RETURN_TYPE = YES_ERROR;
				GCC_WARN_UNDECLARED_SELECTOR = YES;
				GCC_WARN_UNINITIALIZED_AUTOS = YES_AGGRESSIVE;
				GCC_WARN_UNUSED_FUNCTION = YES;
				GCC_WARN_UNUSED_VARIABLE = YES;
				IPHONEOS_DEPLOYMENT_TARGET = 14.5;
				MTL_ENABLE_DEBUG_INFO = INCLUDE_SOURCE;
				MTL_FAST_MATH = YES;
				ONLY_ACTIVE_ARCH = YES;
				SDKROOT = iphoneos;
				SWIFT_ACTIVE_COMPILATION_CONDITIONS = DEBUG;
				SWIFT_OPTIMIZATION_LEVEL = "-Onone";
			};
			name = Debug;
		};
		C44FC0922641AF1E00459E01 /* Release */ = {
			isa = XCBuildConfiguration;
			buildSettings = {
				ALWAYS_SEARCH_USER_PATHS = NO;
				CLANG_ANALYZER_NONNULL = YES;
				CLANG_ANALYZER_NUMBER_OBJECT_CONVERSION = YES_AGGRESSIVE;
				CLANG_CXX_LANGUAGE_STANDARD = "gnu++14";
				CLANG_CXX_LIBRARY = "libc++";
				CLANG_ENABLE_MODULES = YES;
				CLANG_ENABLE_OBJC_ARC = YES;
				CLANG_ENABLE_OBJC_WEAK = YES;
				CLANG_WARN_BLOCK_CAPTURE_AUTORELEASING = YES;
				CLANG_WARN_BOOL_CONVERSION = YES;
				CLANG_WARN_COMMA = YES;
				CLANG_WARN_CONSTANT_CONVERSION = YES;
				CLANG_WARN_DEPRECATED_OBJC_IMPLEMENTATIONS = YES;
				CLANG_WARN_DIRECT_OBJC_ISA_USAGE = YES_ERROR;
				CLANG_WARN_DOCUMENTATION_COMMENTS = YES;
				CLANG_WARN_EMPTY_BODY = YES;
				CLANG_WARN_ENUM_CONVERSION = YES;
				CLANG_WARN_INFINITE_RECURSION = YES;
				CLANG_WARN_INT_CONVERSION = YES;
				CLANG_WARN_NON_LITERAL_NULL_CONVERSION = YES;
				CLANG_WARN_OBJC_IMPLICIT_RETAIN_SELF = YES;
				CLANG_WARN_OBJC_LITERAL_CONVERSION = YES;
				CLANG_WARN_OBJC_ROOT_CLASS = YES_ERROR;
				CLANG_WARN_QUOTED_INCLUDE_IN_FRAMEWORK_HEADER = YES;
				CLANG_WARN_RANGE_LOOP_ANALYSIS = YES;
				CLANG_WARN_STRICT_PROTOTYPES = YES;
				CLANG_WARN_SUSPICIOUS_MOVE = YES;
				CLANG_WARN_UNGUARDED_AVAILABILITY = YES_AGGRESSIVE;
				CLANG_WARN_UNREACHABLE_CODE = YES;
				CLANG_WARN__DUPLICATE_METHOD_MATCH = YES;
				COPY_PHASE_STRIP = NO;
				DEBUG_INFORMATION_FORMAT = "dwarf-with-dsym";
				ENABLE_NS_ASSERTIONS = NO;
				ENABLE_STRICT_OBJC_MSGSEND = YES;
				GCC_C_LANGUAGE_STANDARD = gnu11;
				GCC_NO_COMMON_BLOCKS = YES;
				GCC_WARN_64_TO_32_BIT_CONVERSION = YES;
				GCC_WARN_ABOUT_RETURN_TYPE = YES_ERROR;
				GCC_WARN_UNDECLARED_SELECTOR = YES;
				GCC_WARN_UNINITIALIZED_AUTOS = YES_AGGRESSIVE;
				GCC_WARN_UNUSED_FUNCTION = YES;
				GCC_WARN_UNUSED_VARIABLE = YES;
				IPHONEOS_DEPLOYMENT_TARGET = 14.5;
				MTL_ENABLE_DEBUG_INFO = NO;
				MTL_FAST_MATH = YES;
				SDKROOT = iphoneos;
				SWIFT_COMPILATION_MODE = wholemodule;
				SWIFT_OPTIMIZATION_LEVEL = "-O";
				VALIDATE_PRODUCT = YES;
			};
			name = Release;
		};
		C44FC0942641AF1E00459E01 /* Debug */ = {
			isa = XCBuildConfiguration;
			buildSettings = {
				ASSETCATALOG_COMPILER_APPICON_NAME = AppIcon;
				ASSETCATALOG_COMPILER_GLOBAL_ACCENT_COLOR_NAME = AccentColor;
				CODE_SIGN_ENTITLEMENTS = BioViewer/BioViewer.entitlements;
				CODE_SIGN_STYLE = Automatic;
				DEVELOPMENT_ASSET_PATHS = "\"BioViewer/Preview Content\"";
				DEVELOPMENT_TEAM = 4ND4CZC2FK;
				ENABLE_PREVIEWS = YES;
				INFOPLIST_FILE = BioViewer/Info.plist;
				IPHONEOS_DEPLOYMENT_TARGET = 14.0;
				LD_RUNPATH_SEARCH_PATHS = (
					"$(inherited)",
					"@executable_path/Frameworks",
				);
				PRODUCT_BUNDLE_IDENTIFIER = com.raulmonton.BioViewer;
				PRODUCT_NAME = "$(TARGET_NAME)";
				SUPPORTS_MACCATALYST = YES;
				SWIFT_VERSION = 5.0;
				TARGETED_DEVICE_FAMILY = "1,2,6";
			};
			name = Debug;
		};
		C44FC0952641AF1E00459E01 /* Release */ = {
			isa = XCBuildConfiguration;
			buildSettings = {
				ASSETCATALOG_COMPILER_APPICON_NAME = AppIcon;
				ASSETCATALOG_COMPILER_GLOBAL_ACCENT_COLOR_NAME = AccentColor;
				CODE_SIGN_ENTITLEMENTS = BioViewer/BioViewer.entitlements;
				CODE_SIGN_STYLE = Automatic;
				DEVELOPMENT_ASSET_PATHS = "\"BioViewer/Preview Content\"";
				DEVELOPMENT_TEAM = 4ND4CZC2FK;
				ENABLE_PREVIEWS = YES;
				INFOPLIST_FILE = BioViewer/Info.plist;
				IPHONEOS_DEPLOYMENT_TARGET = 14.0;
				LD_RUNPATH_SEARCH_PATHS = (
					"$(inherited)",
					"@executable_path/Frameworks",
				);
				PRODUCT_BUNDLE_IDENTIFIER = com.raulmonton.BioViewer;
				PRODUCT_NAME = "$(TARGET_NAME)";
				SUPPORTS_MACCATALYST = YES;
				SWIFT_VERSION = 5.0;
				TARGETED_DEVICE_FAMILY = "1,2,6";
			};
			name = Release;
		};
		C44FC0972641AF1E00459E01 /* Debug */ = {
			isa = XCBuildConfiguration;
			buildSettings = {
				ALWAYS_EMBED_SWIFT_STANDARD_LIBRARIES = YES;
				BUNDLE_LOADER = "$(TEST_HOST)";
				CODE_SIGN_STYLE = Automatic;
				DEVELOPMENT_TEAM = 4ND4CZC2FK;
				INFOPLIST_FILE = BioViewerTests/Info.plist;
				IPHONEOS_DEPLOYMENT_TARGET = 14.0;
				LD_RUNPATH_SEARCH_PATHS = (
					"$(inherited)",
					"@executable_path/Frameworks",
					"@loader_path/Frameworks",
				);
				PRODUCT_BUNDLE_IDENTIFIER = "com.raulmonton.PDB-ViewerTests";
				PRODUCT_NAME = "$(TARGET_NAME)";
				SWIFT_VERSION = 5.0;
				TARGETED_DEVICE_FAMILY = "1,2";
				TEST_HOST = "$(BUILT_PRODUCTS_DIR)/BioViewer.app/BioViewer";
			};
			name = Debug;
		};
		C44FC0982641AF1E00459E01 /* Release */ = {
			isa = XCBuildConfiguration;
			buildSettings = {
				ALWAYS_EMBED_SWIFT_STANDARD_LIBRARIES = YES;
				BUNDLE_LOADER = "$(TEST_HOST)";
				CODE_SIGN_STYLE = Automatic;
				DEVELOPMENT_TEAM = 4ND4CZC2FK;
				INFOPLIST_FILE = BioViewerTests/Info.plist;
				IPHONEOS_DEPLOYMENT_TARGET = 14.0;
				LD_RUNPATH_SEARCH_PATHS = (
					"$(inherited)",
					"@executable_path/Frameworks",
					"@loader_path/Frameworks",
				);
				PRODUCT_BUNDLE_IDENTIFIER = "com.raulmonton.PDB-ViewerTests";
				PRODUCT_NAME = "$(TARGET_NAME)";
				SWIFT_VERSION = 5.0;
				TARGETED_DEVICE_FAMILY = "1,2";
				TEST_HOST = "$(BUILT_PRODUCTS_DIR)/BioViewer.app/BioViewer";
			};
			name = Release;
		};
		C44FC09A2641AF1E00459E01 /* Debug */ = {
			isa = XCBuildConfiguration;
			buildSettings = {
				ALWAYS_EMBED_SWIFT_STANDARD_LIBRARIES = YES;
				CODE_SIGN_STYLE = Automatic;
				DEVELOPMENT_TEAM = 4ND4CZC2FK;
				INFOPLIST_FILE = BioViewerUITests/Info.plist;
				LD_RUNPATH_SEARCH_PATHS = (
					"$(inherited)",
					"@executable_path/Frameworks",
					"@loader_path/Frameworks",
				);
				PRODUCT_BUNDLE_IDENTIFIER = "com.raulmonton.PDB-ViewerUITests";
				PRODUCT_NAME = "$(TARGET_NAME)";
				SWIFT_VERSION = 5.0;
				TARGETED_DEVICE_FAMILY = "1,2";
				TEST_TARGET_NAME = BioViewer;
			};
			name = Debug;
		};
		C44FC09B2641AF1E00459E01 /* Release */ = {
			isa = XCBuildConfiguration;
			buildSettings = {
				ALWAYS_EMBED_SWIFT_STANDARD_LIBRARIES = YES;
				CODE_SIGN_STYLE = Automatic;
				DEVELOPMENT_TEAM = 4ND4CZC2FK;
				INFOPLIST_FILE = BioViewerUITests/Info.plist;
				LD_RUNPATH_SEARCH_PATHS = (
					"$(inherited)",
					"@executable_path/Frameworks",
					"@loader_path/Frameworks",
				);
				PRODUCT_BUNDLE_IDENTIFIER = "com.raulmonton.PDB-ViewerUITests";
				PRODUCT_NAME = "$(TARGET_NAME)";
				SWIFT_VERSION = 5.0;
				TARGETED_DEVICE_FAMILY = "1,2";
				TEST_TARGET_NAME = BioViewer;
			};
			name = Release;
		};
/* End XCBuildConfiguration section */

/* Begin XCConfigurationList section */
		C44FC0692641AF1B00459E01 /* Build configuration list for PBXProject "BioViewer" */ = {
			isa = XCConfigurationList;
			buildConfigurations = (
				C44FC0912641AF1E00459E01 /* Debug */,
				C44FC0922641AF1E00459E01 /* Release */,
			);
			defaultConfigurationIsVisible = 0;
			defaultConfigurationName = Release;
		};
		C44FC0932641AF1E00459E01 /* Build configuration list for PBXNativeTarget "BioViewer" */ = {
			isa = XCConfigurationList;
			buildConfigurations = (
				C44FC0942641AF1E00459E01 /* Debug */,
				C44FC0952641AF1E00459E01 /* Release */,
			);
			defaultConfigurationIsVisible = 0;
			defaultConfigurationName = Release;
		};
		C44FC0962641AF1E00459E01 /* Build configuration list for PBXNativeTarget "BioViewerTests" */ = {
			isa = XCConfigurationList;
			buildConfigurations = (
				C44FC0972641AF1E00459E01 /* Debug */,
				C44FC0982641AF1E00459E01 /* Release */,
			);
			defaultConfigurationIsVisible = 0;
			defaultConfigurationName = Release;
		};
		C44FC0992641AF1E00459E01 /* Build configuration list for PBXNativeTarget "BioViewerUITests" */ = {
			isa = XCConfigurationList;
			buildConfigurations = (
				C44FC09A2641AF1E00459E01 /* Debug */,
				C44FC09B2641AF1E00459E01 /* Release */,
			);
			defaultConfigurationIsVisible = 0;
			defaultConfigurationName = Release;
		};
/* End XCConfigurationList section */
	};
	rootObject = C44FC0662641AF1B00459E01 /* Project object */;
}
